// !$*UTF8*$!
{
	archiveVersion = 1;
	classes = {
	};
	objectVersion = 55;
	objects = {

/* Begin PBXBuildFile section */
		553DB47827E9932A0094C8DC /* WriteViewController.swift in Sources */ = {isa = PBXBuildFile; fileRef = 553DB47727E9932A0094C8DC /* WriteViewController.swift */; };
		553DB47A27E993750094C8DC /* DiaryDetailViewController.swift in Sources */ = {isa = PBXBuildFile; fileRef = 553DB47927E993750094C8DC /* DiaryDetailViewController.swift */; };
		55A7C6AB27EC552000B9E44F /* Diary.swift in Sources */ = {isa = PBXBuildFile; fileRef = 55A7C6AA27EC552000B9E44F /* Diary.swift */; };
		55C52E2B27E98D2E0099D0FF /* AppDelegate.swift in Sources */ = {isa = PBXBuildFile; fileRef = 55C52E2A27E98D2E0099D0FF /* AppDelegate.swift */; };
		55C52E2D27E98D2E0099D0FF /* SceneDelegate.swift in Sources */ = {isa = PBXBuildFile; fileRef = 55C52E2C27E98D2E0099D0FF /* SceneDelegate.swift */; };
		55C52E2F27E98D2E0099D0FF /* ViewController.swift in Sources */ = {isa = PBXBuildFile; fileRef = 55C52E2E27E98D2E0099D0FF /* ViewController.swift */; };
		55C52E3227E98D2E0099D0FF /* Main.storyboard in Resources */ = {isa = PBXBuildFile; fileRef = 55C52E3027E98D2E0099D0FF /* Main.storyboard */; };
		55C52E3427E98D2E0099D0FF /* Assets.xcassets in Resources */ = {isa = PBXBuildFile; fileRef = 55C52E3327E98D2E0099D0FF /* Assets.xcassets */; };
		55C52E3727E98D2E0099D0FF /* LaunchScreen.storyboard in Resources */ = {isa = PBXBuildFile; fileRef = 55C52E3527E98D2E0099D0FF /* LaunchScreen.storyboard */; };
		55C52E3F27E98FA30099D0FF /* DiaryCell.swift in Sources */ = {isa = PBXBuildFile; fileRef = 55C52E3E27E98FA30099D0FF /* DiaryCell.swift */; };
		55C52E4127E98FE00099D0FF /* StarViewController.swift in Sources */ = {isa = PBXBuildFile; fileRef = 55C52E4027E98FE00099D0FF /* StarViewController.swift */; };
		55C52E4327E990FD0099D0FF /* StarCell.swift in Sources */ = {isa = PBXBuildFile; fileRef = 55C52E4227E990FD0099D0FF /* StarCell.swift */; };
/* End PBXBuildFile section */

/* Begin PBXFileReference section */
		553DB47727E9932A0094C8DC /* WriteViewController.swift */ = {isa = PBXFileReference; lastKnownFileType = sourcecode.swift; path = WriteViewController.swift; sourceTree = "<group>"; };
		553DB47927E993750094C8DC /* DiaryDetailViewController.swift */ = {isa = PBXFileReference; lastKnownFileType = sourcecode.swift; path = DiaryDetailViewController.swift; sourceTree = "<group>"; };
		55A7C6AA27EC552000B9E44F /* Diary.swift */ = {isa = PBXFileReference; lastKnownFileType = sourcecode.swift; path = Diary.swift; sourceTree = "<group>"; };
		55C52E2727E98D2E0099D0FF /* Diary.app */ = {isa = PBXFileReference; explicitFileType = wrapper.application; includeInIndex = 0; path = Diary.app; sourceTree = BUILT_PRODUCTS_DIR; };
		55C52E2A27E98D2E0099D0FF /* AppDelegate.swift */ = {isa = PBXFileReference; lastKnownFileType = sourcecode.swift; path = AppDelegate.swift; sourceTree = "<group>"; };
		55C52E2C27E98D2E0099D0FF /* SceneDelegate.swift */ = {isa = PBXFileReference; lastKnownFileType = sourcecode.swift; path = SceneDelegate.swift; sourceTree = "<group>"; };
		55C52E2E27E98D2E0099D0FF /* ViewController.swift */ = {isa = PBXFileReference; lastKnownFileType = sourcecode.swift; path = ViewController.swift; sourceTree = "<group>"; };
		55C52E3127E98D2E0099D0FF /* Base */ = {isa = PBXFileReference; lastKnownFileType = file.storyboard; name = Base; path = Base.lproj/Main.storyboard; sourceTree = "<group>"; };
		55C52E3327E98D2E0099D0FF /* Assets.xcassets */ = {isa = PBXFileReference; lastKnownFileType = folder.assetcatalog; path = Assets.xcassets; sourceTree = "<group>"; };
		55C52E3627E98D2E0099D0FF /* Base */ = {isa = PBXFileReference; lastKnownFileType = file.storyboard; name = Base; path = Base.lproj/LaunchScreen.storyboard; sourceTree = "<group>"; };
		55C52E3827E98D2E0099D0FF /* Info.plist */ = {isa = PBXFileReference; lastKnownFileType = text.plist.xml; path = Info.plist; sourceTree = "<group>"; };
		55C52E3E27E98FA30099D0FF /* DiaryCell.swift */ = {isa = PBXFileReference; lastKnownFileType = sourcecode.swift; path = DiaryCell.swift; sourceTree = "<group>"; };
		55C52E4027E98FE00099D0FF /* StarViewController.swift */ = {isa = PBXFileReference; lastKnownFileType = sourcecode.swift; path = StarViewController.swift; sourceTree = "<group>"; };
		55C52E4227E990FD0099D0FF /* StarCell.swift */ = {isa = PBXFileReference; lastKnownFileType = sourcecode.swift; path = StarCell.swift; sourceTree = "<group>"; };
/* End PBXFileReference section */

/* Begin PBXFrameworksBuildPhase section */
		55C52E2427E98D2E0099D0FF /* Frameworks */ = {
			isa = PBXFrameworksBuildPhase;
			buildActionMask = 2147483647;
			files = (
			);
			runOnlyForDeploymentPostprocessing = 0;
		};
/* End PBXFrameworksBuildPhase section */

/* Begin PBXGroup section */
		55C52E1E27E98D2E0099D0FF = {
			isa = PBXGroup;
			children = (
				55C52E2927E98D2E0099D0FF /* Diary */,
				55C52E2827E98D2E0099D0FF /* Products */,
			);
			sourceTree = "<group>";
		};
		55C52E2827E98D2E0099D0FF /* Products */ = {
			isa = PBXGroup;
			children = (
				55C52E2727E98D2E0099D0FF /* Diary.app */,
			);
			name = Products;
			sourceTree = "<group>";
		};
		55C52E2927E98D2E0099D0FF /* Diary */ = {
			isa = PBXGroup;
			children = (
				55C52E2A27E98D2E0099D0FF /* AppDelegate.swift */,
				55C52E2C27E98D2E0099D0FF /* SceneDelegate.swift */,
				55C52E2E27E98D2E0099D0FF /* ViewController.swift */,
				55C52E3027E98D2E0099D0FF /* Main.storyboard */,
				55C52E3327E98D2E0099D0FF /* Assets.xcassets */,
				55C52E3527E98D2E0099D0FF /* LaunchScreen.storyboard */,
				55C52E3827E98D2E0099D0FF /* Info.plist */,
				55C52E3E27E98FA30099D0FF /* DiaryCell.swift */,
				55C52E4027E98FE00099D0FF /* StarViewController.swift */,
				55C52E4227E990FD0099D0FF /* StarCell.swift */,
				553DB47727E9932A0094C8DC /* WriteViewController.swift */,
				553DB47927E993750094C8DC /* DiaryDetailViewController.swift */,
				55A7C6AA27EC552000B9E44F /* Diary.swift */,
			);
			path = Diary;
			sourceTree = "<group>";
		};
/* End PBXGroup section */

/* Begin PBXNativeTarget section */
		55C52E2627E98D2E0099D0FF /* Diary */ = {
			isa = PBXNativeTarget;
			buildConfigurationList = 55C52E3B27E98D2E0099D0FF /* Build configuration list for PBXNativeTarget "Diary" */;
			buildPhases = (
				55C52E2327E98D2E0099D0FF /* Sources */,
				55C52E2427E98D2E0099D0FF /* Frameworks */,
				55C52E2527E98D2E0099D0FF /* Resources */,
			);
			buildRules = (
			);
			dependencies = (
			);
			name = Diary;
			productName = Diary;
			productReference = 55C52E2727E98D2E0099D0FF /* Diary.app */;
			productType = "com.apple.product-type.application";
		};
/* End PBXNativeTarget section */

/* Begin PBXProject section */
		55C52E1F27E98D2E0099D0FF /* Project object */ = {
			isa = PBXProject;
			attributes = {
				BuildIndependentTargetsInParallel = 1;
				LastSwiftUpdateCheck = 1320;
				LastUpgradeCheck = 1320;
				TargetAttributes = {
					55C52E2627E98D2E0099D0FF = {
						CreatedOnToolsVersion = 13.2.1;
					};
				};
			};
			buildConfigurationList = 55C52E2227E98D2E0099D0FF /* Build configuration list for PBXProject "Diary" */;
			compatibilityVersion = "Xcode 13.0";
			developmentRegion = en;
			hasScannedForEncodings = 0;
			knownRegions = (
				en,
				Base,
			);
			mainGroup = 55C52E1E27E98D2E0099D0FF;
			productRefGroup = 55C52E2827E98D2E0099D0FF /* Products */;
			projectDirPath = "";
			projectRoot = "";
			targets = (
				55C52E2627E98D2E0099D0FF /* Diary */,
			);
		};
/* End PBXProject section */

/* Begin PBXResourcesBuildPhase section */
		55C52E2527E98D2E0099D0FF /* Resources */ = {
			isa = PBXResourcesBuildPhase;
			buildActionMask = 2147483647;
			files = (
				55C52E3727E98D2E0099D0FF /* LaunchScreen.storyboard in Resources */,
				55C52E3427E98D2E0099D0FF /* Assets.xcassets in Resources */,
				55C52E3227E98D2E0099D0FF /* Main.storyboard in Resources */,
			);
			runOnlyForDeploymentPostprocessing = 0;
		};
/* End PBXResourcesBuildPhase section */

/* Begin PBXSourcesBuildPhase section */
		55C52E2327E98D2E0099D0FF /* Sources */ = {
			isa = PBXSourcesBuildPhase;
			buildActionMask = 2147483647;
			files = (
				55C52E2F27E98D2E0099D0FF /* ViewController.swift in Sources */,
				55C52E4327E990FD0099D0FF /* StarCell.swift in Sources */,
				55C52E2B27E98D2E0099D0FF /* AppDelegate.swift in Sources */,
				55C52E2D27E98D2E0099D0FF /* SceneDelegate.swift in Sources */,
				55C52E3F27E98FA30099D0FF /* DiaryCell.swift in Sources */,
				55A7C6AB27EC552000B9E44F /* Diary.swift in Sources */,
				553DB47A27E993750094C8DC /* DiaryDetailViewController.swift in Sources */,
				55C52E4127E98FE00099D0FF /* StarViewController.swift in Sources */,
				553DB47827E9932A0094C8DC /* WriteViewController.swift in Sources */,
			);
			runOnlyForDeploymentPostprocessing = 0;
		};
/* End PBXSourcesBuildPhase section */

/* Begin PBXVariantGroup section */
		55C52E3027E98D2E0099D0FF /* Main.storyboard */ = {
			isa = PBXVariantGroup;
			children = (
				55C52E3127E98D2E0099D0FF /* Base */,
			);
			name = Main.storyboard;
			sourceTree = "<group>";
		};
		55C52E3527E98D2E0099D0FF /* LaunchScreen.storyboard */ = {
			isa = PBXVariantGroup;
			children = (
				55C52E3627E98D2E0099D0FF /* Base */,
			);
			name = LaunchScreen.storyboard;
			sourceTree = "<group>";
		};
/* End PBXVariantGroup section */

/* Begin XCBuildConfiguration section */
		55C52E3927E98D2E0099D0FF /* Debug */ = {
			isa = XCBuildConfiguration;
			buildSettings = {
				ALWAYS_SEARCH_USER_PATHS = NO;
				CLANG_ANALYZER_NONNULL = YES;
				CLANG_ANALYZER_NUMBER_OBJECT_CONVERSION = YES_AGGRESSIVE;
				CLANG_CXX_LANGUAGE_STANDARD = "gnu++17";
				CLANG_CXX_LIBRARY = "libc++";
				CLANG_ENABLE_MODULES = YES;
				CLANG_ENABLE_OBJC_ARC = YES;
				CLANG_ENABLE_OBJC_WEAK = YES;
				CLANG_WARN_BLOCK_CAPTURE_AUTORELEASING = YES;
				CLANG_WARN_BOOL_CONVERSION = YES;
				CLANG_WARN_COMMA = YES;
				CLANG_WARN_CONSTANT_CONVERSION = YES;
				CLANG_WARN_DEPRECATED_OBJC_IMPLEMENTATIONS = YES;
				CLANG_WARN_DIRECT_OBJC_ISA_USAGE = YES_ERROR;
				CLANG_WARN_DOCUMENTATION_COMMENTS = YES;
				CLANG_WARN_EMPTY_BODY = YES;
				CLANG_WARN_ENUM_CONVERSION = YES;
				CLANG_WARN_INFINITE_RECURSION = YES;
				CLANG_WARN_INT_CONVERSION = YES;
				CLANG_WARN_NON_LITERAL_NULL_CONVERSION = YES;
				CLANG_WARN_OBJC_IMPLICIT_RETAIN_SELF = YES;
				CLANG_WARN_OBJC_LITERAL_CONVERSION = YES;
				CLANG_WARN_OBJC_ROOT_CLASS = YES_ERROR;
				CLANG_WARN_QUOTED_INCLUDE_IN_FRAMEWORK_HEADER = YES;
				CLANG_WARN_RANGE_LOOP_ANALYSIS = YES;
				CLANG_WARN_STRICT_PROTOTYPES = YES;
				CLANG_WARN_SUSPICIOUS_MOVE = YES;
				CLANG_WARN_UNGUARDED_AVAILABILITY = YES_AGGRESSIVE;
				CLANG_WARN_UNREACHABLE_CODE = YES;
				CLANG_WARN__DUPLICATE_METHOD_MATCH = YES;
				COPY_PHASE_STRIP = NO;
				DEBUG_INFORMATION_FORMAT = dwarf;
				ENABLE_STRICT_OBJC_MSGSEND = YES;
				ENABLE_TESTABILITY = YES;
				GCC_C_LANGUAGE_STANDARD = gnu11;
				GCC_DYNAMIC_NO_PIC = NO;
				GCC_NO_COMMON_BLOCKS = YES;
				GCC_OPTIMIZATION_LEVEL = 0;
				GCC_PREPROCESSOR_DEFINITIONS = (
					"DEBUG=1",
					"$(inherited)",
				);
				GCC_WARN_64_TO_32_BIT_CONVERSION = YES;
				GCC_WARN_ABOUT_RETURN_TYPE = YES_ERROR;
				GCC_WARN_UNDECLARED_SELECTOR = YES;
				GCC_WARN_UNINITIALIZED_AUTOS = YES_AGGRESSIVE;
				GCC_WARN_UNUSED_FUNCTION = YES;
				GCC_WARN_UNUSED_VARIABLE = YES;
				IPHONEOS_DEPLOYMENT_TARGET = 15.2;
				MTL_ENABLE_DEBUG_INFO = INCLUDE_SOURCE;
				MTL_FAST_MATH = YES;
				ONLY_ACTIVE_ARCH = YES;
				SDKROOT = iphoneos;
				SWIFT_ACTIVE_COMPILATION_CONDITIONS = DEBUG;
				SWIFT_OPTIMIZATION_LEVEL = "-Onone";
			};
			name = Debug;
		};
		55C52E3A27E98D2E0099D0FF /* Release */ = {
			isa = XCBuildConfiguration;
			buildSettings = {
				ALWAYS_SEARCH_USER_PATHS = NO;
				CLANG_ANALYZER_NONNULL = YES;
				CLANG_ANALYZER_NUMBER_OBJECT_CONVERSION = YES_AGGRESSIVE;
				CLANG_CXX_LANGUAGE_STANDARD = "gnu++17";
				CLANG_CXX_LIBRARY = "libc++";
				CLANG_ENABLE_MODULES = YES;
				CLANG_ENABLE_OBJC_ARC = YES;
				CLANG_ENABLE_OBJC_WEAK = YES;
				CLANG_WARN_BLOCK_CAPTURE_AUTORELEASING = YES;
				CLANG_WARN_BOOL_CONVERSION = YES;
				CLANG_WARN_COMMA = YES;
				CLANG_WARN_CONSTANT_CONVERSION = YES;
				CLANG_WARN_DEPRECATED_OBJC_IMPLEMENTATIONS = YES;
				CLANG_WARN_DIRECT_OBJC_ISA_USAGE = YES_ERROR;
				CLANG_WARN_DOCUMENTATION_COMMENTS = YES;
				CLANG_WARN_EMPTY_BODY = YES;
				CLANG_WARN_ENUM_CONVERSION = YES;
				CLANG_WARN_INFINITE_RECURSION = YES;
				CLANG_WARN_INT_CONVERSION = YES;
				CLANG_WARN_NON_LITERAL_NULL_CONVERSION = YES;
				CLANG_WARN_OBJC_IMPLICIT_RETAIN_SELF = YES;
				CLANG_WARN_OBJC_LITERAL_CONVERSION = YES;
				CLANG_WARN_OBJC_ROOT_CLASS = YES_ERROR;
				CLANG_WARN_QUOTED_INCLUDE_IN_FRAMEWORK_HEADER = YES;
				CLANG_WARN_RANGE_LOOP_ANALYSIS = YES;
				CLANG_WARN_STRICT_PROTOTYPES = YES;
				CLANG_WARN_SUSPICIOUS_MOVE = YES;
				CLANG_WARN_UNGUARDED_AVAILABILITY = YES_AGGRESSIVE;
				CLANG_WARN_UNREACHABLE_CODE = YES;
				CLANG_WARN__DUPLICATE_METHOD_MATCH = YES;
				COPY_PHASE_STRIP = NO;
				DEBUG_INFORMATION_FORMAT = "dwarf-with-dsym";
				ENABLE_NS_ASSERTIONS = NO;
				ENABLE_STRICT_OBJC_MSGSEND = YES;
				GCC_C_LANGUAGE_STANDARD = gnu11;
				GCC_NO_COMMON_BLOCKS = YES;
				GCC_WARN_64_TO_32_BIT_CONVERSION = YES;
				GCC_WARN_ABOUT_RETURN_TYPE = YES_ERROR;
				GCC_WARN_UNDECLARED_SELECTOR = YES;
				GCC_WARN_UNINITIALIZED_AUTOS = YES_AGGRESSIVE;
				GCC_WARN_UNUSED_FUNCTION = YES;
				GCC_WARN_UNUSED_VARIABLE = YES;
				IPHONEOS_DEPLOYMENT_TARGET = 15.2;
				MTL_ENABLE_DEBUG_INFO = NO;
				MTL_FAST_MATH = YES;
				SDKROOT = iphoneos;
				SWIFT_COMPILATION_MODE = wholemodule;
				SWIFT_OPTIMIZATION_LEVEL = "-O";
				VALIDATE_PRODUCT = YES;
			};
			name = Release;
		};
		55C52E3C27E98D2E0099D0FF /* Debug */ = {
			isa = XCBuildConfiguration;
			buildSettings = {
				ASSETCATALOG_COMPILER_APPICON_NAME = AppIcon;
				ASSETCATALOG_COMPILER_GLOBAL_ACCENT_COLOR_NAME = AccentColor;
				CODE_SIGN_STYLE = Automatic;
				CURRENT_PROJECT_VERSION = 1;
				DEVELOPMENT_TEAM = KAUKJL57T4;
				GENERATE_INFOPLIST_FILE = YES;
				INFOPLIST_FILE = Diary/Info.plist;
				INFOPLIST_KEY_UIApplicationSupportsIndirectInputEvents = YES;
				INFOPLIST_KEY_UILaunchStoryboardName = LaunchScreen;
				INFOPLIST_KEY_UIMainStoryboardFile = Main;
				INFOPLIST_KEY_UISupportedInterfaceOrientations_iPad = "UIInterfaceOrientationPortrait UIInterfaceOrientationPortraitUpsideDown UIInterfaceOrientationLandscapeLeft UIInterfaceOrientationLandscapeRight";
				INFOPLIST_KEY_UISupportedInterfaceOrientations_iPhone = "UIInterfaceOrientationPortrait UIInterfaceOrientationLandscapeLeft UIInterfaceOrientationLandscapeRight";
				LD_RUNPATH_SEARCH_PATHS = (
					"$(inherited)",
					"@executable_path/Frameworks",
				);
				MARKETING_VERSION = 1.0;
				PRODUCT_BUNDLE_IDENTIFIER = hoojeong.dev.Diary;
				PRODUCT_NAME = "$(TARGET_NAME)";
				SWIFT_EMIT_LOC_STRINGS = YES;
				SWIFT_VERSION = 5.0;
				TARGETED_DEVICE_FAMILY = "1,2";
			};
			name = Debug;
		};
		55C52E3D27E98D2E0099D0FF /* Release */ = {
			isa = XCBuildConfiguration;
			buildSettings = {
				ASSETCATALOG_COMPILER_APPICON_NAME = AppIcon;
				ASSETCATALOG_COMPILER_GLOBAL_ACCENT_COLOR_NAME = AccentColor;
				CODE_SIGN_STYLE = Automatic;
				CURRENT_PROJECT_VERSION = 1;
				DEVELOPMENT_TEAM = KAUKJL57T4;
				GENERATE_INFOPLIST_FILE = YES;
				INFOPLIST_FILE = Diary/Info.plist;
				INFOPLIST_KEY_UIApplicationSupportsIndirectInputEvents = YES;
				INFOPLIST_KEY_UILaunchStoryboardName = LaunchScreen;
				INFOPLIST_KEY_UIMainStoryboardFile = Main;
				INFOPLIST_KEY_UISupportedInterfaceOrientations_iPad = "UIInterfaceOrientationPortrait UIInterfaceOrientationPortraitUpsideDown UIInterfaceOrientationLandscapeLeft UIInterfaceOrientationLandscapeRight";
				INFOPLIST_KEY_UISupportedInterfaceOrientations_iPhone = "UIInterfaceOrientationPortrait UIInterfaceOrientationLandscapeLeft UIInterfaceOrientationLandscapeRight";
				LD_RUNPATH_SEARCH_PATHS = (
					"$(inherited)",
					"@executable_path/Frameworks",
				);
				MARKETING_VERSION = 1.0;
				PRODUCT_BUNDLE_IDENTIFIER = hoojeong.dev.Diary;
				PRODUCT_NAME = "$(TARGET_NAME)";
				SWIFT_EMIT_LOC_STRINGS = YES;
				SWIFT_VERSION = 5.0;
				TARGETED_DEVICE_FAMILY = "1,2";
			};
			name = Release;
		};
/* End XCBuildConfiguration section */

/* Begin XCConfigurationList section */
		55C52E2227E98D2E0099D0FF /* Build configuration list for PBXProject "Diary" */ = {
			isa = XCConfigurationList;
			buildConfigurations = (
				55C52E3927E98D2E0099D0FF /* Debug */,
				55C52E3A27E98D2E0099D0FF /* Release */,
			);
			defaultConfigurationIsVisible = 0;
			defaultConfigurationName = Release;
		};
		55C52E3B27E98D2E0099D0FF /* Build configuration list for PBXNativeTarget "Diary" */ = {
			isa = XCConfigurationList;
			buildConfigurations = (
				55C52E3C27E98D2E0099D0FF /* Debug */,
				55C52E3D27E98D2E0099D0FF /* Release */,
			);
			defaultConfigurationIsVisible = 0;
			defaultConfigurationName = Release;
		};
/* End XCConfigurationList section */
	};
	rootObject = 55C52E1F27E98D2E0099D0FF /* Project object */;
}
