// !$*UTF8*$!
{
	archiveVersion = 1;
	classes = {
	};
	objectVersion = 55;
	objects = {

/* Begin PBXBuildFile section */
		556B1F2B27EDACF100D70B3B /* DiaryCell.swift in Sources */ = {isa = PBXBuildFile; fileRef = 556B1F2A27EDACF100D70B3B /* DiaryCell.swift */; };
		556B1F2D27EDAD3000D70B3B /* StarViewController.swift in Sources */ = {isa = PBXBuildFile; fileRef = 556B1F2C27EDAD3000D70B3B /* StarViewController.swift */; };
		556B1F2F27EDADE600D70B3B /* StarCell.swift in Sources */ = {isa = PBXBuildFile; fileRef = 556B1F2E27EDADE600D70B3B /* StarCell.swift */; };
		5574DA6F27EDAA750000C7BE /* AppDelegate.swift in Sources */ = {isa = PBXBuildFile; fileRef = 5574DA6E27EDAA750000C7BE /* AppDelegate.swift */; };
		5574DA7127EDAA750000C7BE /* SceneDelegate.swift in Sources */ = {isa = PBXBuildFile; fileRef = 5574DA7027EDAA750000C7BE /* SceneDelegate.swift */; };
		5574DA7327EDAA750000C7BE /* ViewController.swift in Sources */ = {isa = PBXBuildFile; fileRef = 5574DA7227EDAA750000C7BE /* ViewController.swift */; };
		5574DA7627EDAA750000C7BE /* Main.storyboard in Resources */ = {isa = PBXBuildFile; fileRef = 5574DA7427EDAA750000C7BE /* Main.storyboard */; };
		5574DA7827EDAA760000C7BE /* Assets.xcassets in Resources */ = {isa = PBXBuildFile; fileRef = 5574DA7727EDAA760000C7BE /* Assets.xcassets */; };
		5574DA7B27EDAA760000C7BE /* LaunchScreen.storyboard in Resources */ = {isa = PBXBuildFile; fileRef = 5574DA7927EDAA760000C7BE /* LaunchScreen.storyboard */; };
		559F3CB027EDAF9D0058526C /* WriteDiaryViewController.swift in Sources */ = {isa = PBXBuildFile; fileRef = 559F3CAF27EDAF9D0058526C /* WriteDiaryViewController.swift */; };
		559F3CB227EDAFD80058526C /* DiaryDetailViewController.swift in Sources */ = {isa = PBXBuildFile; fileRef = 559F3CB127EDAFD80058526C /* DiaryDetailViewController.swift */; };
		559F3CB427EDB3360058526C /* Diary.swift in Sources */ = {isa = PBXBuildFile; fileRef = 559F3CB327EDB3360058526C /* Diary.swift */; };
/* End PBXBuildFile section */

/* Begin PBXFileReference section */
		556B1F2A27EDACF100D70B3B /* DiaryCell.swift */ = {isa = PBXFileReference; lastKnownFileType = sourcecode.swift; path = DiaryCell.swift; sourceTree = "<group>"; };
		556B1F2C27EDAD3000D70B3B /* StarViewController.swift */ = {isa = PBXFileReference; lastKnownFileType = sourcecode.swift; path = StarViewController.swift; sourceTree = "<group>"; };
		556B1F2E27EDADE600D70B3B /* StarCell.swift */ = {isa = PBXFileReference; lastKnownFileType = sourcecode.swift; path = StarCell.swift; sourceTree = "<group>"; };
		5574DA6B27EDAA750000C7BE /* Diary.app */ = {isa = PBXFileReference; explicitFileType = wrapper.application; includeInIndex = 0; path = Diary.app; sourceTree = BUILT_PRODUCTS_DIR; };
		5574DA6E27EDAA750000C7BE /* AppDelegate.swift */ = {isa = PBXFileReference; lastKnownFileType = sourcecode.swift; path = AppDelegate.swift; sourceTree = "<group>"; };
		5574DA7027EDAA750000C7BE /* SceneDelegate.swift */ = {isa = PBXFileReference; lastKnownFileType = sourcecode.swift; path = SceneDelegate.swift; sourceTree = "<group>"; };
		5574DA7227EDAA750000C7BE /* ViewController.swift */ = {isa = PBXFileReference; lastKnownFileType = sourcecode.swift; path = ViewController.swift; sourceTree = "<group>"; };
		5574DA7527EDAA750000C7BE /* Base */ = {isa = PBXFileReference; lastKnownFileType = file.storyboard; name = Base; path = Base.lproj/Main.storyboard; sourceTree = "<group>"; };
		5574DA7727EDAA760000C7BE /* Assets.xcassets */ = {isa = PBXFileReference; lastKnownFileType = folder.assetcatalog; path = Assets.xcassets; sourceTree = "<group>"; };
		5574DA7A27EDAA760000C7BE /* Base */ = {isa = PBXFileReference; lastKnownFileType = file.storyboard; name = Base; path = Base.lproj/LaunchScreen.storyboard; sourceTree = "<group>"; };
		5574DA7C27EDAA760000C7BE /* Info.plist */ = {isa = PBXFileReference; lastKnownFileType = text.plist.xml; path = Info.plist; sourceTree = "<group>"; };
		559F3CAF27EDAF9D0058526C /* WriteDiaryViewController.swift */ = {isa = PBXFileReference; lastKnownFileType = sourcecode.swift; path = WriteDiaryViewController.swift; sourceTree = "<group>"; };
		559F3CB127EDAFD80058526C /* DiaryDetailViewController.swift */ = {isa = PBXFileReference; lastKnownFileType = sourcecode.swift; path = DiaryDetailViewController.swift; sourceTree = "<group>"; };
		559F3CB327EDB3360058526C /* Diary.swift */ = {isa = PBXFileReference; lastKnownFileType = sourcecode.swift; path = Diary.swift; sourceTree = "<group>"; };
/* End PBXFileReference section */

/* Begin PBXFrameworksBuildPhase section */
		5574DA6827EDAA750000C7BE /* Frameworks */ = {
			isa = PBXFrameworksBuildPhase;
			buildActionMask = 2147483647;
			files = (
			);
			runOnlyForDeploymentPostprocessing = 0;
		};
/* End PBXFrameworksBuildPhase section */

/* Begin PBXGroup section */
		5574DA6227EDAA750000C7BE = {
			isa = PBXGroup;
			children = (
				5574DA6D27EDAA750000C7BE /* Diary */,
				5574DA6C27EDAA750000C7BE /* Products */,
			);
			sourceTree = "<group>";
		};
		5574DA6C27EDAA750000C7BE /* Products */ = {
			isa = PBXGroup;
			children = (
				5574DA6B27EDAA750000C7BE /* Diary.app */,
			);
			name = Products;
			sourceTree = "<group>";
		};
		5574DA6D27EDAA750000C7BE /* Diary */ = {
			isa = PBXGroup;
			children = (
				5574DA6E27EDAA750000C7BE /* AppDelegate.swift */,
				5574DA7027EDAA750000C7BE /* SceneDelegate.swift */,
				5574DA7227EDAA750000C7BE /* ViewController.swift */,
				5574DA7427EDAA750000C7BE /* Main.storyboard */,
				5574DA7727EDAA760000C7BE /* Assets.xcassets */,
				5574DA7927EDAA760000C7BE /* LaunchScreen.storyboard */,
				5574DA7C27EDAA760000C7BE /* Info.plist */,
				556B1F2A27EDACF100D70B3B /* DiaryCell.swift */,
				556B1F2C27EDAD3000D70B3B /* StarViewController.swift */,
				556B1F2E27EDADE600D70B3B /* StarCell.swift */,
				559F3CAF27EDAF9D0058526C /* WriteDiaryViewController.swift */,
				559F3CB127EDAFD80058526C /* DiaryDetailViewController.swift */,
				559F3CB327EDB3360058526C /* Diary.swift */,
			);
			path = Diary;
			sourceTree = "<group>";
		};
/* End PBXGroup section */

/* Begin PBXNativeTarget section */
		5574DA6A27EDAA750000C7BE /* Diary */ = {
			isa = PBXNativeTarget;
			buildConfigurationList = 5574DA7F27EDAA760000C7BE /* Build configuration list for PBXNativeTarget "Diary" */;
			buildPhases = (
				5574DA6727EDAA750000C7BE /* Sources */,
				5574DA6827EDAA750000C7BE /* Frameworks */,
				5574DA6927EDAA750000C7BE /* Resources */,
			);
			buildRules = (
			);
			dependencies = (
			);
			name = Diary;
			productName = Diary;
			productReference = 5574DA6B27EDAA750000C7BE /* Diary.app */;
			productType = "com.apple.product-type.application";
		};
/* End PBXNativeTarget section */

/* Begin PBXProject section */
		5574DA6327EDAA750000C7BE /* Project object */ = {
			isa = PBXProject;
			attributes = {
				BuildIndependentTargetsInParallel = 1;
				LastSwiftUpdateCheck = 1320;
				LastUpgradeCheck = 1320;
				TargetAttributes = {
					5574DA6A27EDAA750000C7BE = {
						CreatedOnToolsVersion = 13.2.1;
					};
				};
			};
			buildConfigurationList = 5574DA6627EDAA750000C7BE /* Build configuration list for PBXProject "Diary" */;
			compatibilityVersion = "Xcode 13.0";
			developmentRegion = en;
			hasScannedForEncodings = 0;
			knownRegions = (
				en,
				Base,
			);
			mainGroup = 5574DA6227EDAA750000C7BE;
			productRefGroup = 5574DA6C27EDAA750000C7BE /* Products */;
			projectDirPath = "";
			projectRoot = "";
			targets = (
				5574DA6A27EDAA750000C7BE /* Diary */,
			);
		};
/* End PBXProject section */

/* Begin PBXResourcesBuildPhase section */
		5574DA6927EDAA750000C7BE /* Resources */ = {
			isa = PBXResourcesBuildPhase;
			buildActionMask = 2147483647;
			files = (
				5574DA7B27EDAA760000C7BE /* LaunchScreen.storyboard in Resources */,
				5574DA7827EDAA760000C7BE /* Assets.xcassets in Resources */,
				5574DA7627EDAA750000C7BE /* Main.storyboard in Resources */,
			);
			runOnlyForDeploymentPostprocessing = 0;
		};
/* End PBXResourcesBuildPhase section */

/* Begin PBXSourcesBuildPhase section */
		5574DA6727EDAA750000C7BE /* Sources */ = {
			isa = PBXSourcesBuildPhase;
			buildActionMask = 2147483647;
			files = (
				5574DA7327EDAA750000C7BE /* ViewController.swift in Sources */,
				559F3CB027EDAF9D0058526C /* WriteDiaryViewController.swift in Sources */,
				556B1F2F27EDADE600D70B3B /* StarCell.swift in Sources */,
				5574DA6F27EDAA750000C7BE /* AppDelegate.swift in Sources */,
				5574DA7127EDAA750000C7BE /* SceneDelegate.swift in Sources */,
				559F3CB427EDB3360058526C /* Diary.swift in Sources */,
				559F3CB227EDAFD80058526C /* DiaryDetailViewController.swift in Sources */,
				556B1F2B27EDACF100D70B3B /* DiaryCell.swift in Sources */,
				556B1F2D27EDAD3000D70B3B /* StarViewController.swift in Sources */,
			);
			runOnlyForDeploymentPostprocessing = 0;
		};
/* End PBXSourcesBuildPhase section */

/* Begin PBXVariantGroup section */
		5574DA7427EDAA750000C7BE /* Main.storyboard */ = {
			isa = PBXVariantGroup;
			children = (
				5574DA7527EDAA750000C7BE /* Base */,
			);
			name = Main.storyboard;
			sourceTree = "<group>";
		};
		5574DA7927EDAA760000C7BE /* LaunchScreen.storyboard */ = {
			isa = PBXVariantGroup;
			children = (
				5574DA7A27EDAA760000C7BE /* Base */,
			);
			name = LaunchScreen.storyboard;
			sourceTree = "<group>";
		};
/* End PBXVariantGroup section */

/* Begin XCBuildConfiguration section */
		5574DA7D27EDAA760000C7BE /* Debug */ = {
			isa = XCBuildConfiguration;
			buildSettings = {
				ALWAYS_SEARCH_USER_PATHS = NO;
				CLANG_ANALYZER_NONNULL = YES;
				CLANG_ANALYZER_NUMBER_OBJECT_CONVERSION = YES_AGGRESSIVE;
				CLANG_CXX_LANGUAGE_STANDARD = "gnu++17";
				CLANG_CXX_LIBRARY = "libc++";
				CLANG_ENABLE_MODULES = YES;
				CLANG_ENABLE_OBJC_ARC = YES;
				CLANG_ENABLE_OBJC_WEAK = YES;
				CLANG_WARN_BLOCK_CAPTURE_AUTORELEASING = YES;
				CLANG_WARN_BOOL_CONVERSION = YES;
				CLANG_WARN_COMMA = YES;
				CLANG_WARN_CONSTANT_CONVERSION = YES;
				CLANG_WARN_DEPRECATED_OBJC_IMPLEMENTATIONS = YES;
				CLANG_WARN_DIRECT_OBJC_ISA_USAGE = YES_ERROR;
				CLANG_WARN_DOCUMENTATION_COMMENTS = YES;
				CLANG_WARN_EMPTY_BODY = YES;
				CLANG_WARN_ENUM_CONVERSION = YES;
				CLANG_WARN_INFINITE_RECURSION = YES;
				CLANG_WARN_INT_CONVERSION = YES;
				CLANG_WARN_NON_LITERAL_NULL_CONVERSION = YES;
				CLANG_WARN_OBJC_IMPLICIT_RETAIN_SELF = YES;
				CLANG_WARN_OBJC_LITERAL_CONVERSION = YES;
				CLANG_WARN_OBJC_ROOT_CLASS = YES_ERROR;
				CLANG_WARN_QUOTED_INCLUDE_IN_FRAMEWORK_HEADER = YES;
				CLANG_WARN_RANGE_LOOP_ANALYSIS = YES;
				CLANG_WARN_STRICT_PROTOTYPES = YES;
				CLANG_WARN_SUSPICIOUS_MOVE = YES;
				CLANG_WARN_UNGUARDED_AVAILABILITY = YES_AGGRESSIVE;
				CLANG_WARN_UNREACHABLE_CODE = YES;
				CLANG_WARN__DUPLICATE_METHOD_MATCH = YES;
				COPY_PHASE_STRIP = NO;
				DEBUG_INFORMATION_FORMAT = dwarf;
				ENABLE_STRICT_OBJC_MSGSEND = YES;
				ENABLE_TESTABILITY = YES;
				GCC_C_LANGUAGE_STANDARD = gnu11;
				GCC_DYNAMIC_NO_PIC = NO;
				GCC_NO_COMMON_BLOCKS = YES;
				GCC_OPTIMIZATION_LEVEL = 0;
				GCC_PREPROCESSOR_DEFINITIONS = (
					"DEBUG=1",
					"$(inherited)",
				);
				GCC_WARN_64_TO_32_BIT_CONVERSION = YES;
				GCC_WARN_ABOUT_RETURN_TYPE = YES_ERROR;
				GCC_WARN_UNDECLARED_SELECTOR = YES;
				GCC_WARN_UNINITIALIZED_AUTOS = YES_AGGRESSIVE;
				GCC_WARN_UNUSED_FUNCTION = YES;
				GCC_WARN_UNUSED_VARIABLE = YES;
				IPHONEOS_DEPLOYMENT_TARGET = 15.2;
				MTL_ENABLE_DEBUG_INFO = INCLUDE_SOURCE;
				MTL_FAST_MATH = YES;
				ONLY_ACTIVE_ARCH = YES;
				SDKROOT = iphoneos;
				SWIFT_ACTIVE_COMPILATION_CONDITIONS = DEBUG;
				SWIFT_OPTIMIZATION_LEVEL = "-Onone";
			};
			name = Debug;
		};
		5574DA7E27EDAA760000C7BE /* Release */ = {
			isa = XCBuildConfiguration;
			buildSettings = {
				ALWAYS_SEARCH_USER_PATHS = NO;
				CLANG_ANALYZER_NONNULL = YES;
				CLANG_ANALYZER_NUMBER_OBJECT_CONVERSION = YES_AGGRESSIVE;
				CLANG_CXX_LANGUAGE_STANDARD = "gnu++17";
				CLANG_CXX_LIBRARY = "libc++";
				CLANG_ENABLE_MODULES = YES;
				CLANG_ENABLE_OBJC_ARC = YES;
				CLANG_ENABLE_OBJC_WEAK = YES;
				CLANG_WARN_BLOCK_CAPTURE_AUTORELEASING = YES;
				CLANG_WARN_BOOL_CONVERSION = YES;
				CLANG_WARN_COMMA = YES;
				CLANG_WARN_CONSTANT_CONVERSION = YES;
				CLANG_WARN_DEPRECATED_OBJC_IMPLEMENTATIONS = YES;
				CLANG_WARN_DIRECT_OBJC_ISA_USAGE = YES_ERROR;
				CLANG_WARN_DOCUMENTATION_COMMENTS = YES;
				CLANG_WARN_EMPTY_BODY = YES;
				CLANG_WARN_ENUM_CONVERSION = YES;
				CLANG_WARN_INFINITE_RECURSION = YES;
				CLANG_WARN_INT_CONVERSION = YES;
				CLANG_WARN_NON_LITERAL_NULL_CONVERSION = YES;
				CLANG_WARN_OBJC_IMPLICIT_RETAIN_SELF = YES;
				CLANG_WARN_OBJC_LITERAL_CONVERSION = YES;
				CLANG_WARN_OBJC_ROOT_CLASS = YES_ERROR;
				CLANG_WARN_QUOTED_INCLUDE_IN_FRAMEWORK_HEADER = YES;
				CLANG_WARN_RANGE_LOOP_ANALYSIS = YES;
				CLANG_WARN_STRICT_PROTOTYPES = YES;
				CLANG_WARN_SUSPICIOUS_MOVE = YES;
				CLANG_WARN_UNGUARDED_AVAILABILITY = YES_AGGRESSIVE;
				CLANG_WARN_UNREACHABLE_CODE = YES;
				CLANG_WARN__DUPLICATE_METHOD_MATCH = YES;
				COPY_PHASE_STRIP = NO;
				DEBUG_INFORMATION_FORMAT = "dwarf-with-dsym";
				ENABLE_NS_ASSERTIONS = NO;
				ENABLE_STRICT_OBJC_MSGSEND = YES;
				GCC_C_LANGUAGE_STANDARD = gnu11;
				GCC_NO_COMMON_BLOCKS = YES;
				GCC_WARN_64_TO_32_BIT_CONVERSION = YES;
				GCC_WARN_ABOUT_RETURN_TYPE = YES_ERROR;
				GCC_WARN_UNDECLARED_SELECTOR = YES;
				GCC_WARN_UNINITIALIZED_AUTOS = YES_AGGRESSIVE;
				GCC_WARN_UNUSED_FUNCTION = YES;
				GCC_WARN_UNUSED_VARIABLE = YES;
				IPHONEOS_DEPLOYMENT_TARGET = 15.2;
				MTL_ENABLE_DEBUG_INFO = NO;
				MTL_FAST_MATH = YES;
				SDKROOT = iphoneos;
				SWIFT_COMPILATION_MODE = wholemodule;
				SWIFT_OPTIMIZATION_LEVEL = "-O";
				VALIDATE_PRODUCT = YES;
			};
			name = Release;
		};
		5574DA8027EDAA760000C7BE /* Debug */ = {
			isa = XCBuildConfiguration;
			buildSettings = {
				ASSETCATALOG_COMPILER_APPICON_NAME = AppIcon;
				ASSETCATALOG_COMPILER_GLOBAL_ACCENT_COLOR_NAME = AccentColor;
				CODE_SIGN_STYLE = Automatic;
				CURRENT_PROJECT_VERSION = 1;
				DEVELOPMENT_TEAM = KAUKJL57T4;
				GENERATE_INFOPLIST_FILE = YES;
				INFOPLIST_FILE = Diary/Info.plist;
				INFOPLIST_KEY_UIApplicationSupportsIndirectInputEvents = YES;
				INFOPLIST_KEY_UILaunchStoryboardName = LaunchScreen;
				INFOPLIST_KEY_UIMainStoryboardFile = Main;
				INFOPLIST_KEY_UISupportedInterfaceOrientations_iPad = "UIInterfaceOrientationPortrait UIInterfaceOrientationPortraitUpsideDown UIInterfaceOrientationLandscapeLeft UIInterfaceOrientationLandscapeRight";
				INFOPLIST_KEY_UISupportedInterfaceOrientations_iPhone = "UIInterfaceOrientationPortrait UIInterfaceOrientationLandscapeLeft UIInterfaceOrientationLandscapeRight";
				LD_RUNPATH_SEARCH_PATHS = (
					"$(inherited)",
					"@executable_path/Frameworks",
				);
				MARKETING_VERSION = 1.0;
				PRODUCT_BUNDLE_IDENTIFIER = hoojeong.dev.Diary;
				PRODUCT_NAME = "$(TARGET_NAME)";
				SWIFT_EMIT_LOC_STRINGS = YES;
				SWIFT_VERSION = 5.0;
				TARGETED_DEVICE_FAMILY = "1,2";
			};
			name = Debug;
		};
		5574DA8127EDAA760000C7BE /* Release */ = {
			isa = XCBuildConfiguration;
			buildSettings = {
				ASSETCATALOG_COMPILER_APPICON_NAME = AppIcon;
				ASSETCATALOG_COMPILER_GLOBAL_ACCENT_COLOR_NAME = AccentColor;
				CODE_SIGN_STYLE = Automatic;
				CURRENT_PROJECT_VERSION = 1;
				DEVELOPMENT_TEAM = KAUKJL57T4;
				GENERATE_INFOPLIST_FILE = YES;
				INFOPLIST_FILE = Diary/Info.plist;
				INFOPLIST_KEY_UIApplicationSupportsIndirectInputEvents = YES;
				INFOPLIST_KEY_UILaunchStoryboardName = LaunchScreen;
				INFOPLIST_KEY_UIMainStoryboardFile = Main;
				INFOPLIST_KEY_UISupportedInterfaceOrientations_iPad = "UIInterfaceOrientationPortrait UIInterfaceOrientationPortraitUpsideDown UIInterfaceOrientationLandscapeLeft UIInterfaceOrientationLandscapeRight";
				INFOPLIST_KEY_UISupportedInterfaceOrientations_iPhone = "UIInterfaceOrientationPortrait UIInterfaceOrientationLandscapeLeft UIInterfaceOrientationLandscapeRight";
				LD_RUNPATH_SEARCH_PATHS = (
					"$(inherited)",
					"@executable_path/Frameworks",
				);
				MARKETING_VERSION = 1.0;
				PRODUCT_BUNDLE_IDENTIFIER = hoojeong.dev.Diary;
				PRODUCT_NAME = "$(TARGET_NAME)";
				SWIFT_EMIT_LOC_STRINGS = YES;
				SWIFT_VERSION = 5.0;
				TARGETED_DEVICE_FAMILY = "1,2";
			};
			name = Release;
		};
/* End XCBuildConfiguration section */

/* Begin XCConfigurationList section */
		5574DA6627EDAA750000C7BE /* Build configuration list for PBXProject "Diary" */ = {
			isa = XCConfigurationList;
			buildConfigurations = (
				5574DA7D27EDAA760000C7BE /* Debug */,
				5574DA7E27EDAA760000C7BE /* Release */,
			);
			defaultConfigurationIsVisible = 0;
			defaultConfigurationName = Release;
		};
		5574DA7F27EDAA760000C7BE /* Build configuration list for PBXNativeTarget "Diary" */ = {
			isa = XCConfigurationList;
			buildConfigurations = (
				5574DA8027EDAA760000C7BE /* Debug */,
				5574DA8127EDAA760000C7BE /* Release */,
			);
			defaultConfigurationIsVisible = 0;
			defaultConfigurationName = Release;
		};
/* End XCConfigurationList section */
	};
	rootObject = 5574DA6327EDAA750000C7BE /* Project object */;
}
