// !$*UTF8*$!
{
	archiveVersion = 1;
	classes = {
	};
	objectVersion = 55;
	objects = {

/* Begin PBXBuildFile section */
		470FD25C2D508A78D16FE43A /* Pods_NetflixStyleApp.framework in Frameworks */ = {isa = PBXBuildFile; fileRef = 1C7309C3E7D97D6D5B3846CB /* Pods_NetflixStyleApp.framework */; };
		5512A10F2856FC5600593A69 /* AppDelegate.swift in Sources */ = {isa = PBXBuildFile; fileRef = 5512A10E2856FC5600593A69 /* AppDelegate.swift */; };
		5512A1112856FC5600593A69 /* SceneDelegate.swift in Sources */ = {isa = PBXBuildFile; fileRef = 5512A1102856FC5600593A69 /* SceneDelegate.swift */; };
		5512A1182856FC5900593A69 /* Assets.xcassets in Resources */ = {isa = PBXBuildFile; fileRef = 5512A1172856FC5900593A69 /* Assets.xcassets */; };
		5512A11B2856FC5900593A69 /* LaunchScreen.storyboard in Resources */ = {isa = PBXBuildFile; fileRef = 5512A1192856FC5900593A69 /* LaunchScreen.storyboard */; };
		5512A1232856FCFD00593A69 /* HomeViewController.swift in Sources */ = {isa = PBXBuildFile; fileRef = 5512A1222856FCFD00593A69 /* HomeViewController.swift */; };
		5512A12728570DB700593A69 /* Content.swift in Sources */ = {isa = PBXBuildFile; fileRef = 5512A12628570DB700593A69 /* Content.swift */; };
		5512A1292857119A00593A69 /* ContentCollectionViewCell.swift in Sources */ = {isa = PBXBuildFile; fileRef = 5512A1282857119A00593A69 /* ContentCollectionViewCell.swift */; };
		5512A12B2857146E00593A69 /* ContentCollectionViewHeader.swift in Sources */ = {isa = PBXBuildFile; fileRef = 5512A12A2857146E00593A69 /* ContentCollectionViewHeader.swift */; };
		558B0C7B286430B3007D9AED /* Content.plist in Resources */ = {isa = PBXBuildFile; fileRef = 558B0C7A286430B3007D9AED /* Content.plist */; };
		55D2365F2857307E00D38FC4 /* ContentCollectionViewRankCell.swift in Sources */ = {isa = PBXBuildFile; fileRef = 55D2365E2857307E00D38FC4 /* ContentCollectionViewRankCell.swift */; };
		55D23661285736A400D38FC4 /* ContentCollectionViewMainCell.swift in Sources */ = {isa = PBXBuildFile; fileRef = 55D23660285736A400D38FC4 /* ContentCollectionViewMainCell.swift */; };
		55D2366328573D3600D38FC4 /* UIButton.swift in Sources */ = {isa = PBXBuildFile; fileRef = 55D2366228573D3600D38FC4 /* UIButton.swift */; };
/* End PBXBuildFile section */

/* Begin PBXFileReference section */
		1C7309C3E7D97D6D5B3846CB /* Pods_NetflixStyleApp.framework */ = {isa = PBXFileReference; explicitFileType = wrapper.framework; includeInIndex = 0; path = Pods_NetflixStyleApp.framework; sourceTree = BUILT_PRODUCTS_DIR; };
		2412793F1E6CD59C10117BF4 /* Pods-NefliexStyleApp.release.xcconfig */ = {isa = PBXFileReference; includeInIndex = 1; lastKnownFileType = text.xcconfig; name = "Pods-NefliexStyleApp.release.xcconfig"; path = "Target Support Files/Pods-NefliexStyleApp/Pods-NefliexStyleApp.release.xcconfig"; sourceTree = "<group>"; };
		5512A10B2856FC5600593A69 /* NetflixStyleApp.app */ = {isa = PBXFileReference; explicitFileType = wrapper.application; includeInIndex = 0; path = NetflixStyleApp.app; sourceTree = BUILT_PRODUCTS_DIR; };
		5512A10E2856FC5600593A69 /* AppDelegate.swift */ = {isa = PBXFileReference; lastKnownFileType = sourcecode.swift; path = AppDelegate.swift; sourceTree = "<group>"; };
		5512A1102856FC5600593A69 /* SceneDelegate.swift */ = {isa = PBXFileReference; lastKnownFileType = sourcecode.swift; path = SceneDelegate.swift; sourceTree = "<group>"; };
		5512A1172856FC5900593A69 /* Assets.xcassets */ = {isa = PBXFileReference; lastKnownFileType = folder.assetcatalog; path = Assets.xcassets; sourceTree = "<group>"; };
		5512A11A2856FC5900593A69 /* Base */ = {isa = PBXFileReference; lastKnownFileType = file.storyboard; name = Base; path = Base.lproj/LaunchScreen.storyboard; sourceTree = "<group>"; };
		5512A11C2856FC5900593A69 /* Info.plist */ = {isa = PBXFileReference; lastKnownFileType = text.plist.xml; path = Info.plist; sourceTree = "<group>"; };
		5512A1222856FCFD00593A69 /* HomeViewController.swift */ = {isa = PBXFileReference; lastKnownFileType = sourcecode.swift; path = HomeViewController.swift; sourceTree = "<group>"; };
		5512A12628570DB700593A69 /* Content.swift */ = {isa = PBXFileReference; lastKnownFileType = sourcecode.swift; path = Content.swift; sourceTree = "<group>"; };
		5512A1282857119A00593A69 /* ContentCollectionViewCell.swift */ = {isa = PBXFileReference; lastKnownFileType = sourcecode.swift; path = ContentCollectionViewCell.swift; sourceTree = "<group>"; };
		5512A12A2857146E00593A69 /* ContentCollectionViewHeader.swift */ = {isa = PBXFileReference; lastKnownFileType = sourcecode.swift; path = ContentCollectionViewHeader.swift; sourceTree = "<group>"; };
		558B0C7A286430B3007D9AED /* Content.plist */ = {isa = PBXFileReference; fileEncoding = 4; lastKnownFileType = text.plist.xml; path = Content.plist; sourceTree = "<group>"; };
		55D2365E2857307E00D38FC4 /* ContentCollectionViewRankCell.swift */ = {isa = PBXFileReference; lastKnownFileType = sourcecode.swift; path = ContentCollectionViewRankCell.swift; sourceTree = "<group>"; };
		55D23660285736A400D38FC4 /* ContentCollectionViewMainCell.swift */ = {isa = PBXFileReference; lastKnownFileType = sourcecode.swift; path = ContentCollectionViewMainCell.swift; sourceTree = "<group>"; };
		55D2366228573D3600D38FC4 /* UIButton.swift */ = {isa = PBXFileReference; lastKnownFileType = sourcecode.swift; path = UIButton.swift; sourceTree = "<group>"; };
		66EF3E71DA270EF215340C68 /* Pods-NetflixStyleApp.debug.xcconfig */ = {isa = PBXFileReference; includeInIndex = 1; lastKnownFileType = text.xcconfig; name = "Pods-NetflixStyleApp.debug.xcconfig"; path = "Target Support Files/Pods-NetflixStyleApp/Pods-NetflixStyleApp.debug.xcconfig"; sourceTree = "<group>"; };
		69BA7469CC060F6E40855518 /* Pods-NefliexStyleApp.debug.xcconfig */ = {isa = PBXFileReference; includeInIndex = 1; lastKnownFileType = text.xcconfig; name = "Pods-NefliexStyleApp.debug.xcconfig"; path = "Target Support Files/Pods-NefliexStyleApp/Pods-NefliexStyleApp.debug.xcconfig"; sourceTree = "<group>"; };
		70B4CEDF3A50001BD8D824DC /* Pods-NetflixStyleApp.release.xcconfig */ = {isa = PBXFileReference; includeInIndex = 1; lastKnownFileType = text.xcconfig; name = "Pods-NetflixStyleApp.release.xcconfig"; path = "Target Support Files/Pods-NetflixStyleApp/Pods-NetflixStyleApp.release.xcconfig"; sourceTree = "<group>"; };
/* End PBXFileReference section */

/* Begin PBXFrameworksBuildPhase section */
		5512A1082856FC5600593A69 /* Frameworks */ = {
			isa = PBXFrameworksBuildPhase;
			buildActionMask = 2147483647;
			files = (
				470FD25C2D508A78D16FE43A /* Pods_NetflixStyleApp.framework in Frameworks */,
			);
			runOnlyForDeploymentPostprocessing = 0;
		};
/* End PBXFrameworksBuildPhase section */

/* Begin PBXGroup section */
		5512A1022856FC5600593A69 = {
			isa = PBXGroup;
			children = (
				5512A10D2856FC5600593A69 /* NetflixStyleApp */,
				5512A10C2856FC5600593A69 /* Products */,
				EAD6801CE6561F89C9CF723B /* Pods */,
				F1106536B75406397B5A519C /* Frameworks */,
			);
			sourceTree = "<group>";
		};
		5512A10C2856FC5600593A69 /* Products */ = {
			isa = PBXGroup;
			children = (
				5512A10B2856FC5600593A69 /* NetflixStyleApp.app */,
			);
			name = Products;
			sourceTree = "<group>";
		};
		5512A10D2856FC5600593A69 /* NetflixStyleApp */ = {
			isa = PBXGroup;
			children = (
				558B0C7A286430B3007D9AED /* Content.plist */,
				5512A10E2856FC5600593A69 /* AppDelegate.swift */,
				5512A1102856FC5600593A69 /* SceneDelegate.swift */,
				5512A1172856FC5900593A69 /* Assets.xcassets */,
				5512A1192856FC5900593A69 /* LaunchScreen.storyboard */,
				5512A11C2856FC5900593A69 /* Info.plist */,
				5512A1222856FCFD00593A69 /* HomeViewController.swift */,
				5512A12628570DB700593A69 /* Content.swift */,
				5512A1282857119A00593A69 /* ContentCollectionViewCell.swift */,
				5512A12A2857146E00593A69 /* ContentCollectionViewHeader.swift */,
				55D2365E2857307E00D38FC4 /* ContentCollectionViewRankCell.swift */,
				55D23660285736A400D38FC4 /* ContentCollectionViewMainCell.swift */,
				55D2366228573D3600D38FC4 /* UIButton.swift */,
			);
			path = NetflixStyleApp;
			sourceTree = "<group>";
		};
		EAD6801CE6561F89C9CF723B /* Pods */ = {
			isa = PBXGroup;
			children = (
				69BA7469CC060F6E40855518 /* Pods-NefliexStyleApp.debug.xcconfig */,
				2412793F1E6CD59C10117BF4 /* Pods-NefliexStyleApp.release.xcconfig */,
				66EF3E71DA270EF215340C68 /* Pods-NetflixStyleApp.debug.xcconfig */,
				70B4CEDF3A50001BD8D824DC /* Pods-NetflixStyleApp.release.xcconfig */,
			);
			path = Pods;
			sourceTree = "<group>";
		};
		F1106536B75406397B5A519C /* Frameworks */ = {
			isa = PBXGroup;
			children = (
				1C7309C3E7D97D6D5B3846CB /* Pods_NetflixStyleApp.framework */,
			);
			name = Frameworks;
			sourceTree = "<group>";
		};
/* End PBXGroup section */

/* Begin PBXNativeTarget section */
		5512A10A2856FC5600593A69 /* NetflixStyleApp */ = {
			isa = PBXNativeTarget;
			buildConfigurationList = 5512A11F2856FC5900593A69 /* Build configuration list for PBXNativeTarget "NetflixStyleApp" */;
			buildPhases = (
				9A070ED711CE27F0F3F87EBF /* [CP] Check Pods Manifest.lock */,
				5512A1072856FC5600593A69 /* Sources */,
				5512A1082856FC5600593A69 /* Frameworks */,
				5512A1092856FC5600593A69 /* Resources */,
				0943720E93B095084DAE2AB7 /* [CP] Embed Pods Frameworks */,
			);
			buildRules = (
			);
			dependencies = (
			);
			name = NetflixStyleApp;
			productName = NefliexStyleApp;
			productReference = 5512A10B2856FC5600593A69 /* NetflixStyleApp.app */;
			productType = "com.apple.product-type.application";
		};
/* End PBXNativeTarget section */

/* Begin PBXProject section */
		5512A1032856FC5600593A69 /* Project object */ = {
			isa = PBXProject;
			attributes = {
				BuildIndependentTargetsInParallel = 1;
				LastSwiftUpdateCheck = 1340;
				LastUpgradeCheck = 1340;
				TargetAttributes = {
					5512A10A2856FC5600593A69 = {
						CreatedOnToolsVersion = 13.4.1;
					};
				};
			};
			buildConfigurationList = 5512A1062856FC5600593A69 /* Build configuration list for PBXProject "NetflixStyleApp" */;
			compatibilityVersion = "Xcode 13.0";
			developmentRegion = en;
			hasScannedForEncodings = 0;
			knownRegions = (
				en,
				Base,
			);
			mainGroup = 5512A1022856FC5600593A69;
			productRefGroup = 5512A10C2856FC5600593A69 /* Products */;
			projectDirPath = "";
			projectRoot = "";
			targets = (
				5512A10A2856FC5600593A69 /* NetflixStyleApp */,
			);
		};
/* End PBXProject section */

/* Begin PBXResourcesBuildPhase section */
		5512A1092856FC5600593A69 /* Resources */ = {
			isa = PBXResourcesBuildPhase;
			buildActionMask = 2147483647;
			files = (
				5512A11B2856FC5900593A69 /* LaunchScreen.storyboard in Resources */,
				5512A1182856FC5900593A69 /* Assets.xcassets in Resources */,
				558B0C7B286430B3007D9AED /* Content.plist in Resources */,
			);
			runOnlyForDeploymentPostprocessing = 0;
		};
/* End PBXResourcesBuildPhase section */

/* Begin PBXShellScriptBuildPhase section */
		0943720E93B095084DAE2AB7 /* [CP] Embed Pods Frameworks */ = {
			isa = PBXShellScriptBuildPhase;
			buildActionMask = 2147483647;
			files = (
			);
			inputFileListPaths = (
				"${PODS_ROOT}/Target Support Files/Pods-NetflixStyleApp/Pods-NetflixStyleApp-frameworks-${CONFIGURATION}-input-files.xcfilelist",
			);
			name = "[CP] Embed Pods Frameworks";
			outputFileListPaths = (
				"${PODS_ROOT}/Target Support Files/Pods-NetflixStyleApp/Pods-NetflixStyleApp-frameworks-${CONFIGURATION}-output-files.xcfilelist",
			);
			runOnlyForDeploymentPostprocessing = 0;
			shellPath = /bin/sh;
			shellScript = "\"${PODS_ROOT}/Target Support Files/Pods-NetflixStyleApp/Pods-NetflixStyleApp-frameworks.sh\"\n";
			showEnvVarsInLog = 0;
		};
		9A070ED711CE27F0F3F87EBF /* [CP] Check Pods Manifest.lock */ = {
			isa = PBXShellScriptBuildPhase;
			buildActionMask = 2147483647;
			files = (
			);
			inputFileListPaths = (
			);
			inputPaths = (
				"${PODS_PODFILE_DIR_PATH}/Podfile.lock",
				"${PODS_ROOT}/Manifest.lock",
			);
			name = "[CP] Check Pods Manifest.lock";
			outputFileListPaths = (
			);
			outputPaths = (
				"$(DERIVED_FILE_DIR)/Pods-NetflixStyleApp-checkManifestLockResult.txt",
			);
			runOnlyForDeploymentPostprocessing = 0;
			shellPath = /bin/sh;
			shellScript = "diff \"${PODS_PODFILE_DIR_PATH}/Podfile.lock\" \"${PODS_ROOT}/Manifest.lock\" > /dev/null\nif [ $? != 0 ] ; then\n    # print error to STDERR\n    echo \"error: The sandbox is not in sync with the Podfile.lock. Run 'pod install' or update your CocoaPods installation.\" >&2\n    exit 1\nfi\n# This output is used by Xcode 'outputs' to avoid re-running this script phase.\necho \"SUCCESS\" > \"${SCRIPT_OUTPUT_FILE_0}\"\n";
			showEnvVarsInLog = 0;
		};
/* End PBXShellScriptBuildPhase section */

/* Begin PBXSourcesBuildPhase section */
		5512A1072856FC5600593A69 /* Sources */ = {
			isa = PBXSourcesBuildPhase;
			buildActionMask = 2147483647;
			files = (
				5512A10F2856FC5600593A69 /* AppDelegate.swift in Sources */,
				5512A12B2857146E00593A69 /* ContentCollectionViewHeader.swift in Sources */,
				5512A1112856FC5600593A69 /* SceneDelegate.swift in Sources */,
				55D2365F2857307E00D38FC4 /* ContentCollectionViewRankCell.swift in Sources */,
				5512A1232856FCFD00593A69 /* HomeViewController.swift in Sources */,
				55D23661285736A400D38FC4 /* ContentCollectionViewMainCell.swift in Sources */,
				5512A12728570DB700593A69 /* Content.swift in Sources */,
				5512A1292857119A00593A69 /* ContentCollectionViewCell.swift in Sources */,
				55D2366328573D3600D38FC4 /* UIButton.swift in Sources */,
			);
			runOnlyForDeploymentPostprocessing = 0;
		};
/* End PBXSourcesBuildPhase section */

/* Begin PBXVariantGroup section */
		5512A1192856FC5900593A69 /* LaunchScreen.storyboard */ = {
			isa = PBXVariantGroup;
			children = (
				5512A11A2856FC5900593A69 /* Base */,
			);
			name = LaunchScreen.storyboard;
			sourceTree = "<group>";
		};
/* End PBXVariantGroup section */

/* Begin XCBuildConfiguration section */
		5512A11D2856FC5900593A69 /* Debug */ = {
			isa = XCBuildConfiguration;
			buildSettings = {
				ALWAYS_SEARCH_USER_PATHS = NO;
				CLANG_ANALYZER_NONNULL = YES;
				CLANG_ANALYZER_NUMBER_OBJECT_CONVERSION = YES_AGGRESSIVE;
				CLANG_CXX_LANGUAGE_STANDARD = "gnu++17";
				CLANG_ENABLE_MODULES = YES;
				CLANG_ENABLE_OBJC_ARC = YES;
				CLANG_ENABLE_OBJC_WEAK = YES;
				CLANG_WARN_BLOCK_CAPTURE_AUTORELEASING = YES;
				CLANG_WARN_BOOL_CONVERSION = YES;
				CLANG_WARN_COMMA = YES;
				CLANG_WARN_CONSTANT_CONVERSION = YES;
				CLANG_WARN_DEPRECATED_OBJC_IMPLEMENTATIONS = YES;
				CLANG_WARN_DIRECT_OBJC_ISA_USAGE = YES_ERROR;
				CLANG_WARN_DOCUMENTATION_COMMENTS = YES;
				CLANG_WARN_EMPTY_BODY = YES;
				CLANG_WARN_ENUM_CONVERSION = YES;
				CLANG_WARN_INFINITE_RECURSION = YES;
				CLANG_WARN_INT_CONVERSION = YES;
				CLANG_WARN_NON_LITERAL_NULL_CONVERSION = YES;
				CLANG_WARN_OBJC_IMPLICIT_RETAIN_SELF = YES;
				CLANG_WARN_OBJC_LITERAL_CONVERSION = YES;
				CLANG_WARN_OBJC_ROOT_CLASS = YES_ERROR;
				CLANG_WARN_QUOTED_INCLUDE_IN_FRAMEWORK_HEADER = YES;
				CLANG_WARN_RANGE_LOOP_ANALYSIS = YES;
				CLANG_WARN_STRICT_PROTOTYPES = YES;
				CLANG_WARN_SUSPICIOUS_MOVE = YES;
				CLANG_WARN_UNGUARDED_AVAILABILITY = YES_AGGRESSIVE;
				CLANG_WARN_UNREACHABLE_CODE = YES;
				CLANG_WARN__DUPLICATE_METHOD_MATCH = YES;
				COPY_PHASE_STRIP = NO;
				DEBUG_INFORMATION_FORMAT = dwarf;
				ENABLE_STRICT_OBJC_MSGSEND = YES;
				ENABLE_TESTABILITY = YES;
				GCC_C_LANGUAGE_STANDARD = gnu11;
				GCC_DYNAMIC_NO_PIC = NO;
				GCC_NO_COMMON_BLOCKS = YES;
				GCC_OPTIMIZATION_LEVEL = 0;
				GCC_PREPROCESSOR_DEFINITIONS = (
					"DEBUG=1",
					"$(inherited)",
				);
				GCC_WARN_64_TO_32_BIT_CONVERSION = YES;
				GCC_WARN_ABOUT_RETURN_TYPE = YES_ERROR;
				GCC_WARN_UNDECLARED_SELECTOR = YES;
				GCC_WARN_UNINITIALIZED_AUTOS = YES_AGGRESSIVE;
				GCC_WARN_UNUSED_FUNCTION = YES;
				GCC_WARN_UNUSED_VARIABLE = YES;
				IPHONEOS_DEPLOYMENT_TARGET = 15.5;
				MTL_ENABLE_DEBUG_INFO = INCLUDE_SOURCE;
				MTL_FAST_MATH = YES;
				ONLY_ACTIVE_ARCH = YES;
				SDKROOT = iphoneos;
				SWIFT_ACTIVE_COMPILATION_CONDITIONS = DEBUG;
				SWIFT_OPTIMIZATION_LEVEL = "-Onone";
			};
			name = Debug;
		};
		5512A11E2856FC5900593A69 /* Release */ = {
			isa = XCBuildConfiguration;
			buildSettings = {
				ALWAYS_SEARCH_USER_PATHS = NO;
				CLANG_ANALYZER_NONNULL = YES;
				CLANG_ANALYZER_NUMBER_OBJECT_CONVERSION = YES_AGGRESSIVE;
				CLANG_CXX_LANGUAGE_STANDARD = "gnu++17";
				CLANG_ENABLE_MODULES = YES;
				CLANG_ENABLE_OBJC_ARC = YES;
				CLANG_ENABLE_OBJC_WEAK = YES;
				CLANG_WARN_BLOCK_CAPTURE_AUTORELEASING = YES;
				CLANG_WARN_BOOL_CONVERSION = YES;
				CLANG_WARN_COMMA = YES;
				CLANG_WARN_CONSTANT_CONVERSION = YES;
				CLANG_WARN_DEPRECATED_OBJC_IMPLEMENTATIONS = YES;
				CLANG_WARN_DIRECT_OBJC_ISA_USAGE = YES_ERROR;
				CLANG_WARN_DOCUMENTATION_COMMENTS = YES;
				CLANG_WARN_EMPTY_BODY = YES;
				CLANG_WARN_ENUM_CONVERSION = YES;
				CLANG_WARN_INFINITE_RECURSION = YES;
				CLANG_WARN_INT_CONVERSION = YES;
				CLANG_WARN_NON_LITERAL_NULL_CONVERSION = YES;
				CLANG_WARN_OBJC_IMPLICIT_RETAIN_SELF = YES;
				CLANG_WARN_OBJC_LITERAL_CONVERSION = YES;
				CLANG_WARN_OBJC_ROOT_CLASS = YES_ERROR;
				CLANG_WARN_QUOTED_INCLUDE_IN_FRAMEWORK_HEADER = YES;
				CLANG_WARN_RANGE_LOOP_ANALYSIS = YES;
				CLANG_WARN_STRICT_PROTOTYPES = YES;
				CLANG_WARN_SUSPICIOUS_MOVE = YES;
				CLANG_WARN_UNGUARDED_AVAILABILITY = YES_AGGRESSIVE;
				CLANG_WARN_UNREACHABLE_CODE = YES;
				CLANG_WARN__DUPLICATE_METHOD_MATCH = YES;
				COPY_PHASE_STRIP = NO;
				DEBUG_INFORMATION_FORMAT = "dwarf-with-dsym";
				ENABLE_NS_ASSERTIONS = NO;
				ENABLE_STRICT_OBJC_MSGSEND = YES;
				GCC_C_LANGUAGE_STANDARD = gnu11;
				GCC_NO_COMMON_BLOCKS = YES;
				GCC_WARN_64_TO_32_BIT_CONVERSION = YES;
				GCC_WARN_ABOUT_RETURN_TYPE = YES_ERROR;
				GCC_WARN_UNDECLARED_SELECTOR = YES;
				GCC_WARN_UNINITIALIZED_AUTOS = YES_AGGRESSIVE;
				GCC_WARN_UNUSED_FUNCTION = YES;
				GCC_WARN_UNUSED_VARIABLE = YES;
				IPHONEOS_DEPLOYMENT_TARGET = 15.5;
				MTL_ENABLE_DEBUG_INFO = NO;
				MTL_FAST_MATH = YES;
				SDKROOT = iphoneos;
				SWIFT_COMPILATION_MODE = wholemodule;
				SWIFT_OPTIMIZATION_LEVEL = "-O";
				VALIDATE_PRODUCT = YES;
			};
			name = Release;
		};
		5512A1202856FC5900593A69 /* Debug */ = {
			isa = XCBuildConfiguration;
			baseConfigurationReference = 66EF3E71DA270EF215340C68 /* Pods-NetflixStyleApp.debug.xcconfig */;
			buildSettings = {
				ASSETCATALOG_COMPILER_APPICON_NAME = AppIcon;
				ASSETCATALOG_COMPILER_GLOBAL_ACCENT_COLOR_NAME = AccentColor;
				CODE_SIGN_STYLE = Automatic;
				CURRENT_PROJECT_VERSION = 1;
				DEVELOPMENT_TEAM = KAUKJL57T4;
				GENERATE_INFOPLIST_FILE = YES;
				INFOPLIST_FILE = NetflixStyleApp/Info.plist;
				INFOPLIST_KEY_CFBundleDisplayName = NetflixStyleApp;
				INFOPLIST_KEY_UIApplicationSupportsIndirectInputEvents = YES;
				INFOPLIST_KEY_UILaunchStoryboardName = LaunchScreen;
				INFOPLIST_KEY_UISupportedInterfaceOrientations_iPad = "UIInterfaceOrientationPortrait UIInterfaceOrientationPortraitUpsideDown UIInterfaceOrientationLandscapeLeft UIInterfaceOrientationLandscapeRight";
				INFOPLIST_KEY_UISupportedInterfaceOrientations_iPhone = "UIInterfaceOrientationPortrait UIInterfaceOrientationLandscapeLeft UIInterfaceOrientationLandscapeRight";
				LD_RUNPATH_SEARCH_PATHS = (
					"$(inherited)",
					"@executable_path/Frameworks",
				);
				MARKETING_VERSION = 1.0;
				PRODUCT_BUNDLE_IDENTIFIER = hoojeong.dev.NefliexStyleApp;
				PRODUCT_NAME = "$(TARGET_NAME)";
				SWIFT_EMIT_LOC_STRINGS = YES;
				SWIFT_VERSION = 5.0;
				TARGETED_DEVICE_FAMILY = "1,2";
			};
			name = Debug;
		};
		5512A1212856FC5900593A69 /* Release */ = {
			isa = XCBuildConfiguration;
			baseConfigurationReference = 70B4CEDF3A50001BD8D824DC /* Pods-NetflixStyleApp.release.xcconfig */;
			buildSettings = {
				ASSETCATALOG_COMPILER_APPICON_NAME = AppIcon;
				ASSETCATALOG_COMPILER_GLOBAL_ACCENT_COLOR_NAME = AccentColor;
				CODE_SIGN_STYLE = Automatic;
				CURRENT_PROJECT_VERSION = 1;
				DEVELOPMENT_TEAM = KAUKJL57T4;
				GENERATE_INFOPLIST_FILE = YES;
				INFOPLIST_FILE = NetflixStyleApp/Info.plist;
				INFOPLIST_KEY_CFBundleDisplayName = NetflixStyleApp;
				INFOPLIST_KEY_UIApplicationSupportsIndirectInputEvents = YES;
				INFOPLIST_KEY_UILaunchStoryboardName = LaunchScreen;
				INFOPLIST_KEY_UISupportedInterfaceOrientations_iPad = "UIInterfaceOrientationPortrait UIInterfaceOrientationPortraitUpsideDown UIInterfaceOrientationLandscapeLeft UIInterfaceOrientationLandscapeRight";
				INFOPLIST_KEY_UISupportedInterfaceOrientations_iPhone = "UIInterfaceOrientationPortrait UIInterfaceOrientationLandscapeLeft UIInterfaceOrientationLandscapeRight";
				LD_RUNPATH_SEARCH_PATHS = (
					"$(inherited)",
					"@executable_path/Frameworks",
				);
				MARKETING_VERSION = 1.0;
				PRODUCT_BUNDLE_IDENTIFIER = hoojeong.dev.NefliexStyleApp;
				PRODUCT_NAME = "$(TARGET_NAME)";
				SWIFT_EMIT_LOC_STRINGS = YES;
				SWIFT_VERSION = 5.0;
				TARGETED_DEVICE_FAMILY = "1,2";
			};
			name = Release;
		};
/* End XCBuildConfiguration section */

/* Begin XCConfigurationList section */
		5512A1062856FC5600593A69 /* Build configuration list for PBXProject "NetflixStyleApp" */ = {
			isa = XCConfigurationList;
			buildConfigurations = (
				5512A11D2856FC5900593A69 /* Debug */,
				5512A11E2856FC5900593A69 /* Release */,
			);
			defaultConfigurationIsVisible = 0;
			defaultConfigurationName = Release;
		};
		5512A11F2856FC5900593A69 /* Build configuration list for PBXNativeTarget "NetflixStyleApp" */ = {
			isa = XCConfigurationList;
			buildConfigurations = (
				5512A1202856FC5900593A69 /* Debug */,
				5512A1212856FC5900593A69 /* Release */,
			);
			defaultConfigurationIsVisible = 0;
			defaultConfigurationName = Release;
		};
/* End XCConfigurationList section */
	};
	rootObject = 5512A1032856FC5600593A69 /* Project object */;
}
