// !$*UTF8*$!
{
	archiveVersion = 1;
	classes = {
	};
	objectVersion = 55;
	objects = {

/* Begin PBXBuildFile section */
		558B0C68286401D5007D9AED /* Today.storyboard in Resources */ = {isa = PBXBuildFile; fileRef = 558B0C67286401D5007D9AED /* Today.storyboard */; };
		558B0C6A28640224007D9AED /* AppViewController.swift in Sources */ = {isa = PBXBuildFile; fileRef = 558B0C6928640224007D9AED /* AppViewController.swift */; };
		558B0C6C28640232007D9AED /* App.storyboard in Resources */ = {isa = PBXBuildFile; fileRef = 558B0C6B28640232007D9AED /* App.storyboard */; };
		558B0C6E2864025E007D9AED /* AcadeViewController.swift in Sources */ = {isa = PBXBuildFile; fileRef = 558B0C6D2864025E007D9AED /* AcadeViewController.swift */; };
		558B0C702864026B007D9AED /* Acade.storyboard in Resources */ = {isa = PBXBuildFile; fileRef = 558B0C6F2864026B007D9AED /* Acade.storyboard */; };
		558B0C7228640293007D9AED /* SearchViewController.swift in Sources */ = {isa = PBXBuildFile; fileRef = 558B0C7128640293007D9AED /* SearchViewController.swift */; };
		558B0C742864029F007D9AED /* Search.storyboard in Resources */ = {isa = PBXBuildFile; fileRef = 558B0C732864029F007D9AED /* Search.storyboard */; };
		558B0C76286404E8007D9AED /* TabBar.storyboard in Resources */ = {isa = PBXBuildFile; fileRef = 558B0C75286404E8007D9AED /* TabBar.storyboard */; };
		558B0C7828640545007D9AED /* TabBarViewController.swift in Sources */ = {isa = PBXBuildFile; fileRef = 558B0C7728640545007D9AED /* TabBarViewController.swift */; };
		558B0C8328643B7B007D9AED /* CardCell.swift in Sources */ = {isa = PBXBuildFile; fileRef = 558B0C8128643B7B007D9AED /* CardCell.swift */; };
		558B0C8428643B7B007D9AED /* CardCell.xib in Resources */ = {isa = PBXBuildFile; fileRef = 558B0C8228643B7B007D9AED /* CardCell.xib */; };
		55ABF6902869716E00AE14E7 /* BigListTableCell.swift in Sources */ = {isa = PBXBuildFile; fileRef = 55ABF68E2869716E00AE14E7 /* BigListTableCell.swift */; };
		55ABF6912869716E00AE14E7 /* BigListTableCell.xib in Resources */ = {isa = PBXBuildFile; fileRef = 55ABF68F2869716E00AE14E7 /* BigListTableCell.xib */; };
		55B80C73286443E900C134FD /* Card.swift in Sources */ = {isa = PBXBuildFile; fileRef = 55B80C72286443E900C134FD /* Card.swift */; };
		55B80C772864479C00C134FD /* AppStore.swift in Sources */ = {isa = PBXBuildFile; fileRef = 55B80C762864479C00C134FD /* AppStore.swift */; };
		55B80C7C286448B100C134FD /* SmallListCell.swift in Sources */ = {isa = PBXBuildFile; fileRef = 55B80C7A286448B100C134FD /* SmallListCell.swift */; };
		55B80C7D286448B100C134FD /* SmallListCell.xib in Resources */ = {isa = PBXBuildFile; fileRef = 55B80C7B286448B100C134FD /* SmallListCell.xib */; };
		55B80C80286448C000C134FD /* BigListCell.swift in Sources */ = {isa = PBXBuildFile; fileRef = 55B80C7E286448C000C134FD /* BigListCell.swift */; };
		55B80C81286448C000C134FD /* BigListCell.xib in Resources */ = {isa = PBXBuildFile; fileRef = 55B80C7F286448C000C134FD /* BigListCell.xib */; };
		55D4B71C2863FCA500221980 /* AppDelegate.swift in Sources */ = {isa = PBXBuildFile; fileRef = 55D4B71B2863FCA500221980 /* AppDelegate.swift */; };
		55D4B71E2863FCA500221980 /* SceneDelegate.swift in Sources */ = {isa = PBXBuildFile; fileRef = 55D4B71D2863FCA500221980 /* SceneDelegate.swift */; };
		55D4B7252863FCA500221980 /* Assets.xcassets in Resources */ = {isa = PBXBuildFile; fileRef = 55D4B7242863FCA500221980 /* Assets.xcassets */; };
		55D4B7282863FCA500221980 /* LaunchScreen.storyboard in Resources */ = {isa = PBXBuildFile; fileRef = 55D4B7262863FCA500221980 /* LaunchScreen.storyboard */; };
		55D4B7302863FCBD00221980 /* TodayViewController.swift in Sources */ = {isa = PBXBuildFile; fileRef = 55D4B72F2863FCBD00221980 /* TodayViewController.swift */; };
		55D4B7362863FDBA00221980 /* Game.storyboard in Resources */ = {isa = PBXBuildFile; fileRef = 55D4B7352863FDBA00221980 /* Game.storyboard */; };
		55E6EA772865499600A92F38 /* GameViewController.swift in Sources */ = {isa = PBXBuildFile; fileRef = 55E6EA762865499600A92F38 /* GameViewController.swift */; };
		55F32B9F286562D7006449D6 /* CardTableCell.swift in Sources */ = {isa = PBXBuildFile; fileRef = 55F32B9D286562D7006449D6 /* CardTableCell.swift */; };
		55F32BA0286562D7006449D6 /* CardTableCell.xib in Resources */ = {isa = PBXBuildFile; fileRef = 55F32B9E286562D7006449D6 /* CardTableCell.xib */; };
		55F32BA628658E43006449D6 /* SmallListTableCell.swift in Sources */ = {isa = PBXBuildFile; fileRef = 55F32BA428658E43006449D6 /* SmallListTableCell.swift */; };
		55F32BA728658E43006449D6 /* SmallListTableCell.xib in Resources */ = {isa = PBXBuildFile; fileRef = 55F32BA528658E43006449D6 /* SmallListTableCell.xib */; };
		55F32BAF2865B21E006449D6 /* Game.swift in Sources */ = {isa = PBXBuildFile; fileRef = 55F32BAE2865B21E006449D6 /* Game.swift */; };
/* End PBXBuildFile section */

/* Begin PBXFileReference section */
		558B0C67286401D5007D9AED /* Today.storyboard */ = {isa = PBXFileReference; lastKnownFileType = file.storyboard; path = Today.storyboard; sourceTree = "<group>"; };
		558B0C6928640224007D9AED /* AppViewController.swift */ = {isa = PBXFileReference; lastKnownFileType = sourcecode.swift; path = AppViewController.swift; sourceTree = "<group>"; };
		558B0C6B28640232007D9AED /* App.storyboard */ = {isa = PBXFileReference; lastKnownFileType = file.storyboard; path = App.storyboard; sourceTree = "<group>"; };
		558B0C6D2864025E007D9AED /* AcadeViewController.swift */ = {isa = PBXFileReference; lastKnownFileType = sourcecode.swift; path = AcadeViewController.swift; sourceTree = "<group>"; };
		558B0C6F2864026B007D9AED /* Acade.storyboard */ = {isa = PBXFileReference; lastKnownFileType = file.storyboard; path = Acade.storyboard; sourceTree = "<group>"; };
		558B0C7128640293007D9AED /* SearchViewController.swift */ = {isa = PBXFileReference; lastKnownFileType = sourcecode.swift; path = SearchViewController.swift; sourceTree = "<group>"; };
		558B0C732864029F007D9AED /* Search.storyboard */ = {isa = PBXFileReference; lastKnownFileType = file.storyboard; path = Search.storyboard; sourceTree = "<group>"; };
		558B0C75286404E8007D9AED /* TabBar.storyboard */ = {isa = PBXFileReference; lastKnownFileType = file.storyboard; path = TabBar.storyboard; sourceTree = "<group>"; };
		558B0C7728640545007D9AED /* TabBarViewController.swift */ = {isa = PBXFileReference; lastKnownFileType = sourcecode.swift; path = TabBarViewController.swift; sourceTree = "<group>"; };
		558B0C8128643B7B007D9AED /* CardCell.swift */ = {isa = PBXFileReference; lastKnownFileType = sourcecode.swift; path = CardCell.swift; sourceTree = "<group>"; };
		558B0C8228643B7B007D9AED /* CardCell.xib */ = {isa = PBXFileReference; lastKnownFileType = file.xib; path = CardCell.xib; sourceTree = "<group>"; };
		55ABF68E2869716E00AE14E7 /* BigListTableCell.swift */ = {isa = PBXFileReference; lastKnownFileType = sourcecode.swift; path = BigListTableCell.swift; sourceTree = "<group>"; };
		55ABF68F2869716E00AE14E7 /* BigListTableCell.xib */ = {isa = PBXFileReference; lastKnownFileType = file.xib; path = BigListTableCell.xib; sourceTree = "<group>"; };
		55B80C72286443E900C134FD /* Card.swift */ = {isa = PBXFileReference; lastKnownFileType = sourcecode.swift; path = Card.swift; sourceTree = "<group>"; };
		55B80C762864479C00C134FD /* AppStore.swift */ = {isa = PBXFileReference; lastKnownFileType = sourcecode.swift; path = AppStore.swift; sourceTree = "<group>"; };
		55B80C7A286448B100C134FD /* SmallListCell.swift */ = {isa = PBXFileReference; lastKnownFileType = sourcecode.swift; path = SmallListCell.swift; sourceTree = "<group>"; };
		55B80C7B286448B100C134FD /* SmallListCell.xib */ = {isa = PBXFileReference; lastKnownFileType = file.xib; path = SmallListCell.xib; sourceTree = "<group>"; };
		55B80C7E286448C000C134FD /* BigListCell.swift */ = {isa = PBXFileReference; lastKnownFileType = sourcecode.swift; path = BigListCell.swift; sourceTree = "<group>"; };
		55B80C7F286448C000C134FD /* BigListCell.xib */ = {isa = PBXFileReference; lastKnownFileType = file.xib; path = BigListCell.xib; sourceTree = "<group>"; };
		55D4B7182863FCA500221980 /* AppStore.app */ = {isa = PBXFileReference; explicitFileType = wrapper.application; includeInIndex = 0; path = AppStore.app; sourceTree = BUILT_PRODUCTS_DIR; };
		55D4B71B2863FCA500221980 /* AppDelegate.swift */ = {isa = PBXFileReference; lastKnownFileType = sourcecode.swift; path = AppDelegate.swift; sourceTree = "<group>"; };
		55D4B71D2863FCA500221980 /* SceneDelegate.swift */ = {isa = PBXFileReference; lastKnownFileType = sourcecode.swift; path = SceneDelegate.swift; sourceTree = "<group>"; };
		55D4B7242863FCA500221980 /* Assets.xcassets */ = {isa = PBXFileReference; lastKnownFileType = folder.assetcatalog; path = Assets.xcassets; sourceTree = "<group>"; };
		55D4B7272863FCA500221980 /* Base */ = {isa = PBXFileReference; lastKnownFileType = file.storyboard; name = Base; path = Base.lproj/LaunchScreen.storyboard; sourceTree = "<group>"; };
		55D4B7292863FCA500221980 /* Info.plist */ = {isa = PBXFileReference; lastKnownFileType = text.plist.xml; path = Info.plist; sourceTree = "<group>"; };
		55D4B72F2863FCBD00221980 /* TodayViewController.swift */ = {isa = PBXFileReference; lastKnownFileType = sourcecode.swift; path = TodayViewController.swift; sourceTree = "<group>"; };
		55D4B7352863FDBA00221980 /* Game.storyboard */ = {isa = PBXFileReference; lastKnownFileType = file.storyboard; path = Game.storyboard; sourceTree = "<group>"; };
		55E6EA762865499600A92F38 /* GameViewController.swift */ = {isa = PBXFileReference; lastKnownFileType = sourcecode.swift; path = GameViewController.swift; sourceTree = "<group>"; };
		55F32B9D286562D7006449D6 /* CardTableCell.swift */ = {isa = PBXFileReference; lastKnownFileType = sourcecode.swift; path = CardTableCell.swift; sourceTree = "<group>"; };
		55F32B9E286562D7006449D6 /* CardTableCell.xib */ = {isa = PBXFileReference; lastKnownFileType = file.xib; path = CardTableCell.xib; sourceTree = "<group>"; };
		55F32BA428658E43006449D6 /* SmallListTableCell.swift */ = {isa = PBXFileReference; lastKnownFileType = sourcecode.swift; path = SmallListTableCell.swift; sourceTree = "<group>"; };
		55F32BA528658E43006449D6 /* SmallListTableCell.xib */ = {isa = PBXFileReference; lastKnownFileType = file.xib; path = SmallListTableCell.xib; sourceTree = "<group>"; };
		55F32BAE2865B21E006449D6 /* Game.swift */ = {isa = PBXFileReference; lastKnownFileType = sourcecode.swift; path = Game.swift; sourceTree = "<group>"; };
/* End PBXFileReference section */

/* Begin PBXFrameworksBuildPhase section */
		55D4B7152863FCA500221980 /* Frameworks */ = {
			isa = PBXFrameworksBuildPhase;
			buildActionMask = 2147483647;
			files = (
			);
			runOnlyForDeploymentPostprocessing = 0;
		};
/* End PBXFrameworksBuildPhase section */

/* Begin PBXGroup section */
		558B0C612864010E007D9AED /* Today */ = {
			isa = PBXGroup;
			children = (
				558B0C67286401D5007D9AED /* Today.storyboard */,
				55D4B72F2863FCBD00221980 /* TodayViewController.swift */,
			);
			path = Today;
			sourceTree = "<group>";
		};
		558B0C622864012E007D9AED /* TabBar */ = {
			isa = PBXGroup;
			children = (
				558B0C75286404E8007D9AED /* TabBar.storyboard */,
				558B0C7728640545007D9AED /* TabBarViewController.swift */,
			);
			path = TabBar;
			sourceTree = "<group>";
		};
		558B0C6328640144007D9AED /* Game */ = {
			isa = PBXGroup;
			children = (
				55D4B7352863FDBA00221980 /* Game.storyboard */,
				55E6EA762865499600A92F38 /* GameViewController.swift */,
			);
			path = Game;
			sourceTree = "<group>";
		};
		558B0C6428640173007D9AED /* App */ = {
			isa = PBXGroup;
			children = (
				558B0C6B28640232007D9AED /* App.storyboard */,
				558B0C6928640224007D9AED /* AppViewController.swift */,
			);
			path = App;
			sourceTree = "<group>";
		};
		558B0C652864017E007D9AED /* Acade */ = {
			isa = PBXGroup;
			children = (
				558B0C6F2864026B007D9AED /* Acade.storyboard */,
				558B0C6D2864025E007D9AED /* AcadeViewController.swift */,
			);
			path = Acade;
			sourceTree = "<group>";
		};
		558B0C6628640184007D9AED /* Search */ = {
			isa = PBXGroup;
			children = (
				558B0C732864029F007D9AED /* Search.storyboard */,
				558B0C7128640293007D9AED /* SearchViewController.swift */,
			);
			path = Search;
			sourceTree = "<group>";
		};
		558B0C7C28643949007D9AED /* CommonCell */ = {
			isa = PBXGroup;
			children = (
				55F32BA228656347006449D6 /* TableCell */,
				55F32BA32865634D006449D6 /* CollectionCell */,
			);
			path = CommonCell;
			sourceTree = "<group>";
		};
		55B80C71286443D400C134FD /* Model */ = {
			isa = PBXGroup;
			children = (
				55B80C72286443E900C134FD /* Card.swift */,
				55B80C762864479C00C134FD /* AppStore.swift */,
				55F32BAE2865B21E006449D6 /* Game.swift */,
			);
			path = Model;
			sourceTree = "<group>";
		};
		55D4B70F2863FCA500221980 = {
			isa = PBXGroup;
			children = (
				55D4B71A2863FCA500221980 /* AppStore */,
				55D4B7192863FCA500221980 /* Products */,
			);
			sourceTree = "<group>";
		};
		55D4B7192863FCA500221980 /* Products */ = {
			isa = PBXGroup;
			children = (
				55D4B7182863FCA500221980 /* AppStore.app */,
			);
			name = Products;
			sourceTree = "<group>";
		};
		55D4B71A2863FCA500221980 /* AppStore */ = {
			isa = PBXGroup;
			children = (
				55D4B71B2863FCA500221980 /* AppDelegate.swift */,
				55D4B71D2863FCA500221980 /* SceneDelegate.swift */,
				55D4B7242863FCA500221980 /* Assets.xcassets */,
				55D4B7262863FCA500221980 /* LaunchScreen.storyboard */,
				55D4B7292863FCA500221980 /* Info.plist */,
				558B0C622864012E007D9AED /* TabBar */,
				558B0C612864010E007D9AED /* Today */,
				558B0C6328640144007D9AED /* Game */,
				558B0C6428640173007D9AED /* App */,
				558B0C652864017E007D9AED /* Acade */,
				558B0C6628640184007D9AED /* Search */,
				55B80C71286443D400C134FD /* Model */,
				558B0C7C28643949007D9AED /* CommonCell */,
				55F32BA82865AE42006449D6 /* CommonHeader */,
			);
			path = AppStore;
			sourceTree = "<group>";
		};
		55F32BA228656347006449D6 /* TableCell */ = {
			isa = PBXGroup;
			children = (
				55F32B9D286562D7006449D6 /* CardTableCell.swift */,
				55F32B9E286562D7006449D6 /* CardTableCell.xib */,
				55F32BA428658E43006449D6 /* SmallListTableCell.swift */,
				55F32BA528658E43006449D6 /* SmallListTableCell.xib */,
				55ABF68E2869716E00AE14E7 /* BigListTableCell.swift */,
				55ABF68F2869716E00AE14E7 /* BigListTableCell.xib */,
			);
			path = TableCell;
			sourceTree = "<group>";
		};
		55F32BA32865634D006449D6 /* CollectionCell */ = {
			isa = PBXGroup;
			children = (
				558B0C8128643B7B007D9AED /* CardCell.swift */,
				558B0C8228643B7B007D9AED /* CardCell.xib */,
				55B80C7A286448B100C134FD /* SmallListCell.swift */,
				55B80C7B286448B100C134FD /* SmallListCell.xib */,
				55B80C7E286448C000C134FD /* BigListCell.swift */,
				55B80C7F286448C000C134FD /* BigListCell.xib */,
			);
			path = CollectionCell;
			sourceTree = "<group>";
		};
		55F32BA82865AE42006449D6 /* CommonHeader */ = {
			isa = PBXGroup;
			children = (
				55F32BA92865AE66006449D6 /* SmallListHeader */,
			);
			path = CommonHeader;
			sourceTree = "<group>";
		};
		55F32BA92865AE66006449D6 /* SmallListHeader */ = {
			isa = PBXGroup;
			children = (
			);
			path = SmallListHeader;
			sourceTree = "<group>";
		};
/* End PBXGroup section */

/* Begin PBXNativeTarget section */
		55D4B7172863FCA500221980 /* AppStore */ = {
			isa = PBXNativeTarget;
			buildConfigurationList = 55D4B72C2863FCA500221980 /* Build configuration list for PBXNativeTarget "AppStore" */;
			buildPhases = (
				55D4B7142863FCA500221980 /* Sources */,
				55D4B7152863FCA500221980 /* Frameworks */,
				55D4B7162863FCA500221980 /* Resources */,
			);
			buildRules = (
			);
			dependencies = (
			);
			name = AppStore;
			productName = AppStore;
			productReference = 55D4B7182863FCA500221980 /* AppStore.app */;
			productType = "com.apple.product-type.application";
		};
/* End PBXNativeTarget section */

/* Begin PBXProject section */
		55D4B7102863FCA500221980 /* Project object */ = {
			isa = PBXProject;
			attributes = {
				BuildIndependentTargetsInParallel = 1;
				LastSwiftUpdateCheck = 1340;
				LastUpgradeCheck = 1340;
				TargetAttributes = {
					55D4B7172863FCA500221980 = {
						CreatedOnToolsVersion = 13.4.1;
					};
				};
			};
			buildConfigurationList = 55D4B7132863FCA500221980 /* Build configuration list for PBXProject "AppStore" */;
			compatibilityVersion = "Xcode 13.0";
			developmentRegion = en;
			hasScannedForEncodings = 0;
			knownRegions = (
				en,
				Base,
			);
			mainGroup = 55D4B70F2863FCA500221980;
			productRefGroup = 55D4B7192863FCA500221980 /* Products */;
			projectDirPath = "";
			projectRoot = "";
			targets = (
				55D4B7172863FCA500221980 /* AppStore */,
			);
		};
/* End PBXProject section */

/* Begin PBXResourcesBuildPhase section */
		55D4B7162863FCA500221980 /* Resources */ = {
			isa = PBXResourcesBuildPhase;
			buildActionMask = 2147483647;
			files = (
				55D4B7362863FDBA00221980 /* Game.storyboard in Resources */,
				558B0C76286404E8007D9AED /* TabBar.storyboard in Resources */,
				55F32BA728658E43006449D6 /* SmallListTableCell.xib in Resources */,
				558B0C68286401D5007D9AED /* Today.storyboard in Resources */,
				55B80C7D286448B100C134FD /* SmallListCell.xib in Resources */,
				55F32BA0286562D7006449D6 /* CardTableCell.xib in Resources */,
				558B0C6C28640232007D9AED /* App.storyboard in Resources */,
				55D4B7282863FCA500221980 /* LaunchScreen.storyboard in Resources */,
				55D4B7252863FCA500221980 /* Assets.xcassets in Resources */,
				55ABF6912869716E00AE14E7 /* BigListTableCell.xib in Resources */,
				558B0C742864029F007D9AED /* Search.storyboard in Resources */,
				558B0C8428643B7B007D9AED /* CardCell.xib in Resources */,
				55B80C81286448C000C134FD /* BigListCell.xib in Resources */,
				558B0C702864026B007D9AED /* Acade.storyboard in Resources */,
			);
			runOnlyForDeploymentPostprocessing = 0;
		};
/* End PBXResourcesBuildPhase section */

/* Begin PBXSourcesBuildPhase section */
		55D4B7142863FCA500221980 /* Sources */ = {
			isa = PBXSourcesBuildPhase;
			buildActionMask = 2147483647;
			files = (
				55ABF6902869716E00AE14E7 /* BigListTableCell.swift in Sources */,
				55B80C772864479C00C134FD /* AppStore.swift in Sources */,
				558B0C7828640545007D9AED /* TabBarViewController.swift in Sources */,
				558B0C6A28640224007D9AED /* AppViewController.swift in Sources */,
				55F32BA628658E43006449D6 /* SmallListTableCell.swift in Sources */,
				558B0C7228640293007D9AED /* SearchViewController.swift in Sources */,
				55E6EA772865499600A92F38 /* GameViewController.swift in Sources */,
				558B0C6E2864025E007D9AED /* AcadeViewController.swift in Sources */,
				55F32B9F286562D7006449D6 /* CardTableCell.swift in Sources */,
				55D4B71C2863FCA500221980 /* AppDelegate.swift in Sources */,
				55D4B71E2863FCA500221980 /* SceneDelegate.swift in Sources */,
				55B80C80286448C000C134FD /* BigListCell.swift in Sources */,
				55B80C73286443E900C134FD /* Card.swift in Sources */,
				55D4B7302863FCBD00221980 /* TodayViewController.swift in Sources */,
				558B0C8328643B7B007D9AED /* CardCell.swift in Sources */,
				55F32BAF2865B21E006449D6 /* Game.swift in Sources */,
				55B80C7C286448B100C134FD /* SmallListCell.swift in Sources */,
			);
			runOnlyForDeploymentPostprocessing = 0;
		};
/* End PBXSourcesBuildPhase section */

/* Begin PBXVariantGroup section */
		55D4B7262863FCA500221980 /* LaunchScreen.storyboard */ = {
			isa = PBXVariantGroup;
			children = (
				55D4B7272863FCA500221980 /* Base */,
			);
			name = LaunchScreen.storyboard;
			sourceTree = "<group>";
		};
/* End PBXVariantGroup section */

/* Begin XCBuildConfiguration section */
		55D4B72A2863FCA500221980 /* Debug */ = {
			isa = XCBuildConfiguration;
			buildSettings = {
				ALWAYS_SEARCH_USER_PATHS = NO;
				CLANG_ANALYZER_NONNULL = YES;
				CLANG_ANALYZER_NUMBER_OBJECT_CONVERSION = YES_AGGRESSIVE;
				CLANG_CXX_LANGUAGE_STANDARD = "gnu++17";
				CLANG_ENABLE_MODULES = YES;
				CLANG_ENABLE_OBJC_ARC = YES;
				CLANG_ENABLE_OBJC_WEAK = YES;
				CLANG_WARN_BLOCK_CAPTURE_AUTORELEASING = YES;
				CLANG_WARN_BOOL_CONVERSION = YES;
				CLANG_WARN_COMMA = YES;
				CLANG_WARN_CONSTANT_CONVERSION = YES;
				CLANG_WARN_DEPRECATED_OBJC_IMPLEMENTATIONS = YES;
				CLANG_WARN_DIRECT_OBJC_ISA_USAGE = YES_ERROR;
				CLANG_WARN_DOCUMENTATION_COMMENTS = YES;
				CLANG_WARN_EMPTY_BODY = YES;
				CLANG_WARN_ENUM_CONVERSION = YES;
				CLANG_WARN_INFINITE_RECURSION = YES;
				CLANG_WARN_INT_CONVERSION = YES;
				CLANG_WARN_NON_LITERAL_NULL_CONVERSION = YES;
				CLANG_WARN_OBJC_IMPLICIT_RETAIN_SELF = YES;
				CLANG_WARN_OBJC_LITERAL_CONVERSION = YES;
				CLANG_WARN_OBJC_ROOT_CLASS = YES_ERROR;
				CLANG_WARN_QUOTED_INCLUDE_IN_FRAMEWORK_HEADER = YES;
				CLANG_WARN_RANGE_LOOP_ANALYSIS = YES;
				CLANG_WARN_STRICT_PROTOTYPES = YES;
				CLANG_WARN_SUSPICIOUS_MOVE = YES;
				CLANG_WARN_UNGUARDED_AVAILABILITY = YES_AGGRESSIVE;
				CLANG_WARN_UNREACHABLE_CODE = YES;
				CLANG_WARN__DUPLICATE_METHOD_MATCH = YES;
				COPY_PHASE_STRIP = NO;
				DEBUG_INFORMATION_FORMAT = dwarf;
				ENABLE_STRICT_OBJC_MSGSEND = YES;
				ENABLE_TESTABILITY = YES;
				GCC_C_LANGUAGE_STANDARD = gnu11;
				GCC_DYNAMIC_NO_PIC = NO;
				GCC_NO_COMMON_BLOCKS = YES;
				GCC_OPTIMIZATION_LEVEL = 0;
				GCC_PREPROCESSOR_DEFINITIONS = (
					"DEBUG=1",
					"$(inherited)",
				);
				GCC_WARN_64_TO_32_BIT_CONVERSION = YES;
				GCC_WARN_ABOUT_RETURN_TYPE = YES_ERROR;
				GCC_WARN_UNDECLARED_SELECTOR = YES;
				GCC_WARN_UNINITIALIZED_AUTOS = YES_AGGRESSIVE;
				GCC_WARN_UNUSED_FUNCTION = YES;
				GCC_WARN_UNUSED_VARIABLE = YES;
				IPHONEOS_DEPLOYMENT_TARGET = 15.5;
				MTL_ENABLE_DEBUG_INFO = INCLUDE_SOURCE;
				MTL_FAST_MATH = YES;
				ONLY_ACTIVE_ARCH = YES;
				SDKROOT = iphoneos;
				SWIFT_ACTIVE_COMPILATION_CONDITIONS = DEBUG;
				SWIFT_OPTIMIZATION_LEVEL = "-Onone";
			};
			name = Debug;
		};
		55D4B72B2863FCA500221980 /* Release */ = {
			isa = XCBuildConfiguration;
			buildSettings = {
				ALWAYS_SEARCH_USER_PATHS = NO;
				CLANG_ANALYZER_NONNULL = YES;
				CLANG_ANALYZER_NUMBER_OBJECT_CONVERSION = YES_AGGRESSIVE;
				CLANG_CXX_LANGUAGE_STANDARD = "gnu++17";
				CLANG_ENABLE_MODULES = YES;
				CLANG_ENABLE_OBJC_ARC = YES;
				CLANG_ENABLE_OBJC_WEAK = YES;
				CLANG_WARN_BLOCK_CAPTURE_AUTORELEASING = YES;
				CLANG_WARN_BOOL_CONVERSION = YES;
				CLANG_WARN_COMMA = YES;
				CLANG_WARN_CONSTANT_CONVERSION = YES;
				CLANG_WARN_DEPRECATED_OBJC_IMPLEMENTATIONS = YES;
				CLANG_WARN_DIRECT_OBJC_ISA_USAGE = YES_ERROR;
				CLANG_WARN_DOCUMENTATION_COMMENTS = YES;
				CLANG_WARN_EMPTY_BODY = YES;
				CLANG_WARN_ENUM_CONVERSION = YES;
				CLANG_WARN_INFINITE_RECURSION = YES;
				CLANG_WARN_INT_CONVERSION = YES;
				CLANG_WARN_NON_LITERAL_NULL_CONVERSION = YES;
				CLANG_WARN_OBJC_IMPLICIT_RETAIN_SELF = YES;
				CLANG_WARN_OBJC_LITERAL_CONVERSION = YES;
				CLANG_WARN_OBJC_ROOT_CLASS = YES_ERROR;
				CLANG_WARN_QUOTED_INCLUDE_IN_FRAMEWORK_HEADER = YES;
				CLANG_WARN_RANGE_LOOP_ANALYSIS = YES;
				CLANG_WARN_STRICT_PROTOTYPES = YES;
				CLANG_WARN_SUSPICIOUS_MOVE = YES;
				CLANG_WARN_UNGUARDED_AVAILABILITY = YES_AGGRESSIVE;
				CLANG_WARN_UNREACHABLE_CODE = YES;
				CLANG_WARN__DUPLICATE_METHOD_MATCH = YES;
				COPY_PHASE_STRIP = NO;
				DEBUG_INFORMATION_FORMAT = "dwarf-with-dsym";
				ENABLE_NS_ASSERTIONS = NO;
				ENABLE_STRICT_OBJC_MSGSEND = YES;
				GCC_C_LANGUAGE_STANDARD = gnu11;
				GCC_NO_COMMON_BLOCKS = YES;
				GCC_WARN_64_TO_32_BIT_CONVERSION = YES;
				GCC_WARN_ABOUT_RETURN_TYPE = YES_ERROR;
				GCC_WARN_UNDECLARED_SELECTOR = YES;
				GCC_WARN_UNINITIALIZED_AUTOS = YES_AGGRESSIVE;
				GCC_WARN_UNUSED_FUNCTION = YES;
				GCC_WARN_UNUSED_VARIABLE = YES;
				IPHONEOS_DEPLOYMENT_TARGET = 15.5;
				MTL_ENABLE_DEBUG_INFO = NO;
				MTL_FAST_MATH = YES;
				SDKROOT = iphoneos;
				SWIFT_COMPILATION_MODE = wholemodule;
				SWIFT_OPTIMIZATION_LEVEL = "-O";
				VALIDATE_PRODUCT = YES;
			};
			name = Release;
		};
		55D4B72D2863FCA500221980 /* Debug */ = {
			isa = XCBuildConfiguration;
			buildSettings = {
				ASSETCATALOG_COMPILER_APPICON_NAME = AppIcon;
				ASSETCATALOG_COMPILER_GLOBAL_ACCENT_COLOR_NAME = AccentColor;
				CODE_SIGN_STYLE = Automatic;
				CURRENT_PROJECT_VERSION = 1;
				DEVELOPMENT_TEAM = KAUKJL57T4;
				GENERATE_INFOPLIST_FILE = YES;
				INFOPLIST_FILE = AppStore/Info.plist;
				INFOPLIST_KEY_UIApplicationSupportsIndirectInputEvents = YES;
				INFOPLIST_KEY_UILaunchStoryboardName = LaunchScreen;
				INFOPLIST_KEY_UIMainStoryboardFile = TabBar;
				INFOPLIST_KEY_UISupportedInterfaceOrientations_iPad = "UIInterfaceOrientationPortrait UIInterfaceOrientationPortraitUpsideDown UIInterfaceOrientationLandscapeLeft UIInterfaceOrientationLandscapeRight";
				INFOPLIST_KEY_UISupportedInterfaceOrientations_iPhone = "UIInterfaceOrientationPortrait UIInterfaceOrientationLandscapeLeft UIInterfaceOrientationLandscapeRight";
				LD_RUNPATH_SEARCH_PATHS = (
					"$(inherited)",
					"@executable_path/Frameworks",
				);
				MARKETING_VERSION = 1.0;
				PRODUCT_BUNDLE_IDENTIFIER = hoojeong.dev.AppStore;
				PRODUCT_NAME = "$(TARGET_NAME)";
				SWIFT_EMIT_LOC_STRINGS = YES;
				SWIFT_VERSION = 5.0;
				TARGETED_DEVICE_FAMILY = "1,2";
			};
			name = Debug;
		};
		55D4B72E2863FCA500221980 /* Release */ = {
			isa = XCBuildConfiguration;
			buildSettings = {
				ASSETCATALOG_COMPILER_APPICON_NAME = AppIcon;
				ASSETCATALOG_COMPILER_GLOBAL_ACCENT_COLOR_NAME = AccentColor;
				CODE_SIGN_STYLE = Automatic;
				CURRENT_PROJECT_VERSION = 1;
				DEVELOPMENT_TEAM = KAUKJL57T4;
				GENERATE_INFOPLIST_FILE = YES;
				INFOPLIST_FILE = AppStore/Info.plist;
				INFOPLIST_KEY_UIApplicationSupportsIndirectInputEvents = YES;
				INFOPLIST_KEY_UILaunchStoryboardName = LaunchScreen;
				INFOPLIST_KEY_UIMainStoryboardFile = TabBar;
				INFOPLIST_KEY_UISupportedInterfaceOrientations_iPad = "UIInterfaceOrientationPortrait UIInterfaceOrientationPortraitUpsideDown UIInterfaceOrientationLandscapeLeft UIInterfaceOrientationLandscapeRight";
				INFOPLIST_KEY_UISupportedInterfaceOrientations_iPhone = "UIInterfaceOrientationPortrait UIInterfaceOrientationLandscapeLeft UIInterfaceOrientationLandscapeRight";
				LD_RUNPATH_SEARCH_PATHS = (
					"$(inherited)",
					"@executable_path/Frameworks",
				);
				MARKETING_VERSION = 1.0;
				PRODUCT_BUNDLE_IDENTIFIER = hoojeong.dev.AppStore;
				PRODUCT_NAME = "$(TARGET_NAME)";
				SWIFT_EMIT_LOC_STRINGS = YES;
				SWIFT_VERSION = 5.0;
				TARGETED_DEVICE_FAMILY = "1,2";
			};
			name = Release;
		};
/* End XCBuildConfiguration section */

/* Begin XCConfigurationList section */
		55D4B7132863FCA500221980 /* Build configuration list for PBXProject "AppStore" */ = {
			isa = XCConfigurationList;
			buildConfigurations = (
				55D4B72A2863FCA500221980 /* Debug */,
				55D4B72B2863FCA500221980 /* Release */,
			);
			defaultConfigurationIsVisible = 0;
			defaultConfigurationName = Release;
		};
		55D4B72C2863FCA500221980 /* Build configuration list for PBXNativeTarget "AppStore" */ = {
			isa = XCConfigurationList;
			buildConfigurations = (
				55D4B72D2863FCA500221980 /* Debug */,
				55D4B72E2863FCA500221980 /* Release */,
			);
			defaultConfigurationIsVisible = 0;
			defaultConfigurationName = Release;
		};
/* End XCConfigurationList section */
	};
	rootObject = 55D4B7102863FCA500221980 /* Project object */;
}
